// !$*UTF8*$!
{
	archiveVersion = 1;
	classes = {
	};
	objectVersion = 50;
	objects = {

/* Begin PBXBuildFile section */
		1D0D71FF2577634F00BF4D2E /* Day2.swift in Sources */ = {isa = PBXBuildFile; fileRef = 1D0D71FE2577634F00BF4D2E /* Day2.swift */; };
		1D0D72022577639A00BF4D2E /* input_day2.txt in CopyFiles */ = {isa = PBXBuildFile; fileRef = 1D0D72012577638400BF4D2E /* input_day2.txt */; };
		1D213E2B25765D6E0012B9F3 /* NSColorExtensions.swift in Sources */ = {isa = PBXBuildFile; fileRef = 1D213DB525765D6D0012B9F3 /* NSColorExtensions.swift */; };
		1D213E2C25765D6E0012B9F3 /* NSViewExtensions.swift in Sources */ = {isa = PBXBuildFile; fileRef = 1D213DB625765D6D0012B9F3 /* NSViewExtensions.swift */; };
		1D213E2D25765D6E0012B9F3 /* NSImageExtensions.swift in Sources */ = {isa = PBXBuildFile; fileRef = 1D213DB725765D6D0012B9F3 /* NSImageExtensions.swift */; };
		1D213E2E25765D6E0012B9F3 /* WKWebViewExtensions.swift in Sources */ = {isa = PBXBuildFile; fileRef = 1D213DB925765D6D0012B9F3 /* WKWebViewExtensions.swift */; };
		1D213E2F25765D6E0012B9F3 /* CLLocationArrayExtensions.swift in Sources */ = {isa = PBXBuildFile; fileRef = 1D213DBB25765D6D0012B9F3 /* CLLocationArrayExtensions.swift */; };
		1D213E3025765D6E0012B9F3 /* CLVisitExtensions.swift in Sources */ = {isa = PBXBuildFile; fileRef = 1D213DBC25765D6D0012B9F3 /* CLVisitExtensions.swift */; };
		1D213E3125765D6E0012B9F3 /* CLLocationExtensions.swift in Sources */ = {isa = PBXBuildFile; fileRef = 1D213DBD25765D6D0012B9F3 /* CLLocationExtensions.swift */; };
		1D213E3225765D6E0012B9F3 /* EdgeInsetsExtensions.swift in Sources */ = {isa = PBXBuildFile; fileRef = 1D213DBF25765D6D0012B9F3 /* EdgeInsetsExtensions.swift */; };
		1D213E3325765D6E0012B9F3 /* FontExtensions.swift in Sources */ = {isa = PBXBuildFile; fileRef = 1D213DC025765D6D0012B9F3 /* FontExtensions.swift */; };
		1D213E3425765D6E0012B9F3 /* ColorExtensions.swift in Sources */ = {isa = PBXBuildFile; fileRef = 1D213DC125765D6D0012B9F3 /* ColorExtensions.swift */; };
		1D213E3525765D6E0012B9F3 /* SCNShapeExtensions.swift in Sources */ = {isa = PBXBuildFile; fileRef = 1D213DC325765D6D0012B9F3 /* SCNShapeExtensions.swift */; };
		1D213E3625765D6E0012B9F3 /* SCNSphereExtensions.swift in Sources */ = {isa = PBXBuildFile; fileRef = 1D213DC425765D6D0012B9F3 /* SCNSphereExtensions.swift */; };
		1D213E3725765D6E0012B9F3 /* SCNBoxExtensions.swift in Sources */ = {isa = PBXBuildFile; fileRef = 1D213DC525765D6D0012B9F3 /* SCNBoxExtensions.swift */; };
		1D213E3825765D6E0012B9F3 /* SCNGeometryExtensions.swift in Sources */ = {isa = PBXBuildFile; fileRef = 1D213DC625765D6D0012B9F3 /* SCNGeometryExtensions.swift */; };
		1D213E3925765D6E0012B9F3 /* SCNVector3Extensions.swift in Sources */ = {isa = PBXBuildFile; fileRef = 1D213DC725765D6D0012B9F3 /* SCNVector3Extensions.swift */; };
		1D213E3A25765D6E0012B9F3 /* SCNCylinderExtensions.swift in Sources */ = {isa = PBXBuildFile; fileRef = 1D213DC825765D6D0012B9F3 /* SCNCylinderExtensions.swift */; };
		1D213E3B25765D6E0012B9F3 /* SCNMaterialExtensions.swift in Sources */ = {isa = PBXBuildFile; fileRef = 1D213DC925765D6D0012B9F3 /* SCNMaterialExtensions.swift */; };
		1D213E3C25765D6E0012B9F3 /* SCNPlaneExtensions.swift in Sources */ = {isa = PBXBuildFile; fileRef = 1D213DCA25765D6D0012B9F3 /* SCNPlaneExtensions.swift */; };
		1D213E3D25765D6E0012B9F3 /* SCNConeExtensions.swift in Sources */ = {isa = PBXBuildFile; fileRef = 1D213DCB25765D6D0012B9F3 /* SCNConeExtensions.swift */; };
		1D213E3E25765D6E0012B9F3 /* SCNCapsuleExtensions.swift in Sources */ = {isa = PBXBuildFile; fileRef = 1D213DCC25765D6D0012B9F3 /* SCNCapsuleExtensions.swift */; };
		1D213E3F25765D6E0012B9F3 /* HKActivitySummaryExtensions.swift in Sources */ = {isa = PBXBuildFile; fileRef = 1D213DCE25765D6D0012B9F3 /* HKActivitySummaryExtensions.swift */; };
		1D213E4025765D6E0012B9F3 /* MKMapViewExtensions.swift in Sources */ = {isa = PBXBuildFile; fileRef = 1D213DD025765D6D0012B9F3 /* MKMapViewExtensions.swift */; };
		1D213E4125765D6E0012B9F3 /* MKPolylineExtensions.swift in Sources */ = {isa = PBXBuildFile; fileRef = 1D213DD125765D6D0012B9F3 /* MKPolylineExtensions.swift */; };
		1D213E4225765D6E0012B9F3 /* SKNodeExtensions.swift in Sources */ = {isa = PBXBuildFile; fileRef = 1D213DD325765D6E0012B9F3 /* SKNodeExtensions.swift */; };
		1D213E4325765D6E0012B9F3 /* NSPredicateExtensions.swift in Sources */ = {isa = PBXBuildFile; fileRef = 1D213DD525765D6E0012B9F3 /* NSPredicateExtensions.swift */; };
		1D213E4425765D6E0012B9F3 /* NSRegularExpressionExtensions.swift in Sources */ = {isa = PBXBuildFile; fileRef = 1D213DD625765D6E0012B9F3 /* NSRegularExpressionExtensions.swift */; };
		1D213E4525765D6E0012B9F3 /* UserDefaultsExtensions.swift in Sources */ = {isa = PBXBuildFile; fileRef = 1D213DD725765D6E0012B9F3 /* UserDefaultsExtensions.swift */; };
		1D213E4625765D6E0012B9F3 /* DataExtensions.swift in Sources */ = {isa = PBXBuildFile; fileRef = 1D213DD825765D6E0012B9F3 /* DataExtensions.swift */; };
		1D213E4725765D6E0012B9F3 /* URLRequestExtensions.swift in Sources */ = {isa = PBXBuildFile; fileRef = 1D213DD925765D6E0012B9F3 /* URLRequestExtensions.swift */; };
		1D213E4825765D6E0012B9F3 /* FileManagerExtensions.swift in Sources */ = {isa = PBXBuildFile; fileRef = 1D213DDA25765D6E0012B9F3 /* FileManagerExtensions.swift */; };
		1D213E4925765D6E0012B9F3 /* NotificationCenterExtensions.swift in Sources */ = {isa = PBXBuildFile; fileRef = 1D213DDB25765D6E0012B9F3 /* NotificationCenterExtensions.swift */; };
		1D213E4A25765D6E0012B9F3 /* URLExtensions.swift in Sources */ = {isa = PBXBuildFile; fileRef = 1D213DDC25765D6E0012B9F3 /* URLExtensions.swift */; };
		1D213E4B25765D6E0012B9F3 /* LocaleExtensions.swift in Sources */ = {isa = PBXBuildFile; fileRef = 1D213DDD25765D6E0012B9F3 /* LocaleExtensions.swift */; };
		1D213E4C25765D6E0012B9F3 /* DateExtensions.swift in Sources */ = {isa = PBXBuildFile; fileRef = 1D213DDE25765D6E0012B9F3 /* DateExtensions.swift */; };
		1D213E4D25765D6E0012B9F3 /* NSAttributedStringExtensions.swift in Sources */ = {isa = PBXBuildFile; fileRef = 1D213DDF25765D6E0012B9F3 /* NSAttributedStringExtensions.swift */; };
		1D213E4E25765D6E0012B9F3 /* CalendarExtensions.swift in Sources */ = {isa = PBXBuildFile; fileRef = 1D213DE025765D6E0012B9F3 /* CalendarExtensions.swift */; };
		1D213E4F25765D6E0012B9F3 /* DispatchQueueExtensions.swift in Sources */ = {isa = PBXBuildFile; fileRef = 1D213DE225765D6E0012B9F3 /* DispatchQueueExtensions.swift */; };
		1D213E5025765D6E0012B9F3 /* SignedIntegerExtensions.swift in Sources */ = {isa = PBXBuildFile; fileRef = 1D213DE425765D6E0012B9F3 /* SignedIntegerExtensions.swift */; };
		1D213E5125765D6E0012B9F3 /* BidirectionalCollectionExtensions.swift in Sources */ = {isa = PBXBuildFile; fileRef = 1D213DE525765D6E0012B9F3 /* BidirectionalCollectionExtensions.swift */; };
		1D213E5225765D6E0012B9F3 /* ComparableExtensions.swift in Sources */ = {isa = PBXBuildFile; fileRef = 1D213DE625765D6E0012B9F3 /* ComparableExtensions.swift */; };
		1D213E5325765D6E0012B9F3 /* ArrayExtensions.swift in Sources */ = {isa = PBXBuildFile; fileRef = 1D213DE725765D6E0012B9F3 /* ArrayExtensions.swift */; };
		1D213E5425765D6E0012B9F3 /* StringProtocolExtensions.swift in Sources */ = {isa = PBXBuildFile; fileRef = 1D213DE825765D6E0012B9F3 /* StringProtocolExtensions.swift */; };
		1D213E5525765D6E0012B9F3 /* BinaryFloatingPointExtensions.swift in Sources */ = {isa = PBXBuildFile; fileRef = 1D213DE925765D6E0012B9F3 /* BinaryFloatingPointExtensions.swift */; };
		1D213E5625765D6E0012B9F3 /* FloatExtensions.swift in Sources */ = {isa = PBXBuildFile; fileRef = 1D213DEA25765D6E0012B9F3 /* FloatExtensions.swift */; };
		1D213E5725765D6E0012B9F3 /* KeyedDecodingContainerExtensions.swift in Sources */ = {isa = PBXBuildFile; fileRef = 1D213DEB25765D6E0012B9F3 /* KeyedDecodingContainerExtensions.swift */; };
		1D213E5825765D6E0012B9F3 /* SequenceExtensions.swift in Sources */ = {isa = PBXBuildFile; fileRef = 1D213DEC25765D6E0012B9F3 /* SequenceExtensions.swift */; };
		1D213E5925765D6E0012B9F3 /* MutableCollectionExtensions.swift in Sources */ = {isa = PBXBuildFile; fileRef = 1D213DED25765D6E0012B9F3 /* MutableCollectionExtensions.swift */; };
		1D213E5A25765D6E0012B9F3 /* SignedNumericExtensions.swift in Sources */ = {isa = PBXBuildFile; fileRef = 1D213DEE25765D6E0012B9F3 /* SignedNumericExtensions.swift */; };
		1D213E5B25765D6E0012B9F3 /* DictionaryExtensions.swift in Sources */ = {isa = PBXBuildFile; fileRef = 1D213DEF25765D6E0012B9F3 /* DictionaryExtensions.swift */; };
		1D213E5C25765D6E0012B9F3 /* StringExtensions.swift in Sources */ = {isa = PBXBuildFile; fileRef = 1D213DF025765D6E0012B9F3 /* StringExtensions.swift */; };
		1D213E5D25765D6E0012B9F3 /* DecodableExtensions.swift in Sources */ = {isa = PBXBuildFile; fileRef = 1D213DF125765D6E0012B9F3 /* DecodableExtensions.swift */; };
		1D213E5E25765D6E0012B9F3 /* BoolExtensions.swift in Sources */ = {isa = PBXBuildFile; fileRef = 1D213DF225765D6E0012B9F3 /* BoolExtensions.swift */; };
		1D213E5F25765D6E0012B9F3 /* DoubleExtensions.swift in Sources */ = {isa = PBXBuildFile; fileRef = 1D213DF325765D6E0012B9F3 /* DoubleExtensions.swift */; };
		1D213E6025765D6E0012B9F3 /* CharacterExtensions.swift in Sources */ = {isa = PBXBuildFile; fileRef = 1D213DF425765D6E0012B9F3 /* CharacterExtensions.swift */; };
		1D213E6125765D6E0012B9F3 /* FloatingPointExtensions.swift in Sources */ = {isa = PBXBuildFile; fileRef = 1D213DF525765D6E0012B9F3 /* FloatingPointExtensions.swift */; };
		1D213E6225765D6E0012B9F3 /* IntExtensions.swift in Sources */ = {isa = PBXBuildFile; fileRef = 1D213DF625765D6E0012B9F3 /* IntExtensions.swift */; };
		1D213E6325765D6E0012B9F3 /* RangeReplaceableCollectionExtensions.swift in Sources */ = {isa = PBXBuildFile; fileRef = 1D213DF725765D6E0012B9F3 /* RangeReplaceableCollectionExtensions.swift */; };
		1D213E6425765D6E0012B9F3 /* OptionalExtensions.swift in Sources */ = {isa = PBXBuildFile; fileRef = 1D213DF825765D6E0012B9F3 /* OptionalExtensions.swift */; };
		1D213E6525765D6E0012B9F3 /* CollectionExtensions.swift in Sources */ = {isa = PBXBuildFile; fileRef = 1D213DF925765D6E0012B9F3 /* CollectionExtensions.swift */; };
		1D213E6625765D6E0012B9F3 /* StdlibDeprecated.swift in Sources */ = {isa = PBXBuildFile; fileRef = 1D213DFB25765D6E0012B9F3 /* StdlibDeprecated.swift */; };
		1D213E6725765D6E0012B9F3 /* CGRectExtensions.swift in Sources */ = {isa = PBXBuildFile; fileRef = 1D213DFD25765D6E0012B9F3 /* CGRectExtensions.swift */; };
		1D213E6825765D6E0012B9F3 /* CGFloatExtensions.swift in Sources */ = {isa = PBXBuildFile; fileRef = 1D213DFE25765D6E0012B9F3 /* CGFloatExtensions.swift */; };
		1D213E6925765D6E0012B9F3 /* CGVectorExtensions.swift in Sources */ = {isa = PBXBuildFile; fileRef = 1D213DFF25765D6E0012B9F3 /* CGVectorExtensions.swift */; };
		1D213E6A25765D6E0012B9F3 /* CGSizeExtensions.swift in Sources */ = {isa = PBXBuildFile; fileRef = 1D213E0025765D6E0012B9F3 /* CGSizeExtensions.swift */; };
		1D213E6B25765D6E0012B9F3 /* CGAffineTransformExtensions.swift in Sources */ = {isa = PBXBuildFile; fileRef = 1D213E0125765D6E0012B9F3 /* CGAffineTransformExtensions.swift */; };
		1D213E6C25765D6E0012B9F3 /* CGPointExtensions.swift in Sources */ = {isa = PBXBuildFile; fileRef = 1D213E0225765D6E0012B9F3 /* CGPointExtensions.swift */; };
		1D213E6D25765D6E0012B9F3 /* CGColorExtensions.swift in Sources */ = {isa = PBXBuildFile; fileRef = 1D213E0325765D6E0012B9F3 /* CGColorExtensions.swift */; };
		1D213E6E25765D6E0012B9F3 /* UIBezierPathExtensions.swift in Sources */ = {isa = PBXBuildFile; fileRef = 1D213E0525765D6E0012B9F3 /* UIBezierPathExtensions.swift */; };
		1D213E6F25765D6E0012B9F3 /* UISearchBarExtensions.swift in Sources */ = {isa = PBXBuildFile; fileRef = 1D213E0625765D6E0012B9F3 /* UISearchBarExtensions.swift */; };
		1D213E7025765D6E0012B9F3 /* UITableViewExtensions.swift in Sources */ = {isa = PBXBuildFile; fileRef = 1D213E0725765D6E0012B9F3 /* UITableViewExtensions.swift */; };
		1D213E7125765D6E0012B9F3 /* UIScrollViewExtensions.swift in Sources */ = {isa = PBXBuildFile; fileRef = 1D213E0825765D6E0012B9F3 /* UIScrollViewExtensions.swift */; };
		1D213E7225765D6E0012B9F3 /* UITextFieldExtensions.swift in Sources */ = {isa = PBXBuildFile; fileRef = 1D213E0925765D6E0012B9F3 /* UITextFieldExtensions.swift */; };
		1D213E7325765D6E0012B9F3 /* UILayoutPriorityExtensions.swift in Sources */ = {isa = PBXBuildFile; fileRef = 1D213E0A25765D6E0012B9F3 /* UILayoutPriorityExtensions.swift */; };
		1D213E7425765D6E0012B9F3 /* UINavigationItemExtensions.swift in Sources */ = {isa = PBXBuildFile; fileRef = 1D213E0B25765D6E0012B9F3 /* UINavigationItemExtensions.swift */; };
		1D213E7525765D6E0012B9F3 /* UIStackViewExtensions.swift in Sources */ = {isa = PBXBuildFile; fileRef = 1D213E0C25765D6E0012B9F3 /* UIStackViewExtensions.swift */; };
		1D213E7625765D6E0012B9F3 /* UICollectionViewExtensions.swift in Sources */ = {isa = PBXBuildFile; fileRef = 1D213E0D25765D6E0012B9F3 /* UICollectionViewExtensions.swift */; };
		1D213E7725765D6E0012B9F3 /* UITextViewExtensions.swift in Sources */ = {isa = PBXBuildFile; fileRef = 1D213E0E25765D6E0012B9F3 /* UITextViewExtensions.swift */; };
		1D213E7825765D6E0012B9F3 /* UIBarButtonItemExtensions.swift in Sources */ = {isa = PBXBuildFile; fileRef = 1D213E0F25765D6E0012B9F3 /* UIBarButtonItemExtensions.swift */; };
		1D213E7925765D6E0012B9F3 /* UIStoryboardExtensions.swift in Sources */ = {isa = PBXBuildFile; fileRef = 1D213E1025765D6E0012B9F3 /* UIStoryboardExtensions.swift */; };
		1D213E7A25765D6E0012B9F3 /* UITabBarExtensions.swift in Sources */ = {isa = PBXBuildFile; fileRef = 1D213E1125765D6E0012B9F3 /* UITabBarExtensions.swift */; };
		1D213E7B25765D6E0012B9F3 /* UISegmentedControlExtensions.swift in Sources */ = {isa = PBXBuildFile; fileRef = 1D213E1225765D6E0012B9F3 /* UISegmentedControlExtensions.swift */; };
		1D213E7C25765D6E0012B9F3 /* UINavigationBarExtensions.swift in Sources */ = {isa = PBXBuildFile; fileRef = 1D213E1325765D6E0012B9F3 /* UINavigationBarExtensions.swift */; };
		1D213E7D25765D6E0012B9F3 /* UIActivityExtensions.swift in Sources */ = {isa = PBXBuildFile; fileRef = 1D213E1425765D6E0012B9F3 /* UIActivityExtensions.swift */; };
		1D213E7E25765D6E0012B9F3 /* UISliderExtensions.swift in Sources */ = {isa = PBXBuildFile; fileRef = 1D213E1525765D6E0012B9F3 /* UISliderExtensions.swift */; };
		1D213E7F25765D6E0012B9F3 /* UIViewControllerExtensions.swift in Sources */ = {isa = PBXBuildFile; fileRef = 1D213E1625765D6E0012B9F3 /* UIViewControllerExtensions.swift */; };
		1D213E8025765D6E0012B9F3 /* UIImageExtensions.swift in Sources */ = {isa = PBXBuildFile; fileRef = 1D213E1725765D6E0012B9F3 /* UIImageExtensions.swift */; };
		1D213E8125765D6E0012B9F3 /* UINavigationControllerExtensions.swift in Sources */ = {isa = PBXBuildFile; fileRef = 1D213E1825765D6E0012B9F3 /* UINavigationControllerExtensions.swift */; };
		1D213E8225765D6E0012B9F3 /* UIViewExtensions.swift in Sources */ = {isa = PBXBuildFile; fileRef = 1D213E1925765D6E0012B9F3 /* UIViewExtensions.swift */; };
		1D213E8325765D6E0012B9F3 /* UIGestureRecognizerExtensions.swift in Sources */ = {isa = PBXBuildFile; fileRef = 1D213E1A25765D6E0012B9F3 /* UIGestureRecognizerExtensions.swift */; };
		1D213E8425765D6E0012B9F3 /* UIWindowExtensions.swift in Sources */ = {isa = PBXBuildFile; fileRef = 1D213E1B25765D6E0012B9F3 /* UIWindowExtensions.swift */; };
		1D213E8525765D6E0012B9F3 /* UILabelExtensions.swift in Sources */ = {isa = PBXBuildFile; fileRef = 1D213E1C25765D6E0012B9F3 /* UILabelExtensions.swift */; };
		1D213E8625765D6E0012B9F3 /* UISwitchExtensions.swift in Sources */ = {isa = PBXBuildFile; fileRef = 1D213E1D25765D6E0012B9F3 /* UISwitchExtensions.swift */; };
		1D213E8725765D6E0012B9F3 /* UIButtonExtensions.swift in Sources */ = {isa = PBXBuildFile; fileRef = 1D213E1E25765D6E0012B9F3 /* UIButtonExtensions.swift */; };
		1D213E8825765D6E0012B9F3 /* UIApplicationExtensions.swift in Sources */ = {isa = PBXBuildFile; fileRef = 1D213E1F25765D6E0012B9F3 /* UIApplicationExtensions.swift */; };
		1D213E8925765D6E0012B9F3 /* UIImageViewExtensions.swift in Sources */ = {isa = PBXBuildFile; fileRef = 1D213E2025765D6E0012B9F3 /* UIImageViewExtensions.swift */; };
		1D213E8A25765D6E0012B9F3 /* UIRefreshControlExtensions.swift in Sources */ = {isa = PBXBuildFile; fileRef = 1D213E2125765D6E0012B9F3 /* UIRefreshControlExtensions.swift */; };
		1D213E8B25765D6E0012B9F3 /* UIAlertControllerExtensions.swift in Sources */ = {isa = PBXBuildFile; fileRef = 1D213E2225765D6E0012B9F3 /* UIAlertControllerExtensions.swift */; };
		1D213E8C25765D6E0012B9F3 /* UIFontExtensions.swift in Sources */ = {isa = PBXBuildFile; fileRef = 1D213E2325765D6E0012B9F3 /* UIFontExtensions.swift */; };
		1D213E8D25765D6E0012B9F3 /* UIDatePickerExtensions.swift in Sources */ = {isa = PBXBuildFile; fileRef = 1D213E2425765D6E0012B9F3 /* UIDatePickerExtensions.swift */; };
		1D213E8E25765D6E0012B9F3 /* UIColorExtensions.swift in Sources */ = {isa = PBXBuildFile; fileRef = 1D213E2525765D6E0012B9F3 /* UIColorExtensions.swift */; };
		1D213E8F25765D6E0012B9F3 /* CAGradientLayerExtensions.swift in Sources */ = {isa = PBXBuildFile; fileRef = 1D213E2725765D6E0012B9F3 /* CAGradientLayerExtensions.swift */; };
		1D213E9025765D6E0012B9F3 /* CATransform3DExtensions.swift in Sources */ = {isa = PBXBuildFile; fileRef = 1D213E2825765D6E0012B9F3 /* CATransform3DExtensions.swift */; };
		1D213E9125765D6E0012B9F3 /* SKProductExtensions.swift in Sources */ = {isa = PBXBuildFile; fileRef = 1D213E2A25765D6E0012B9F3 /* SKProductExtensions.swift */; };
		1D2FB497257F68130014A0E1 /* input-8.txt in CopyFiles */ = {isa = PBXBuildFile; fileRef = 1D2FB496257F68090014A0E1 /* input-8.txt */; };
		1D2FB49D257F68260014A0E1 /* input-5.txt in CopyFiles */ = {isa = PBXBuildFile; fileRef = 1DA153CA257E16E0007B7435 /* input-5.txt */; };
		1D2FB4A1257F6EF90014A0E1 /* DayComputer.swift in Sources */ = {isa = PBXBuildFile; fileRef = 1D2FB4A0257F6EF90014A0E1 /* DayComputer.swift */; };
		1D2FB4A7257F70DF0014A0E1 /* Day9.swift in Sources */ = {isa = PBXBuildFile; fileRef = 1D2FB4A6257F70DF0014A0E1 /* Day9.swift */; };
		1D63351C25821228003BFE5A /* Day10.swift in Sources */ = {isa = PBXBuildFile; fileRef = 1D63351B25821228003BFE5A /* Day10.swift */; };
		1D6335202582140D003BFE5A /* input-10.txt in CopyFiles */ = {isa = PBXBuildFile; fileRef = 1D63351E2582122F003BFE5A /* input-10.txt */; };
		1D6B5D5725764F0600544B3C /* main.swift in Sources */ = {isa = PBXBuildFile; fileRef = 1D6B5D5625764F0600544B3C /* main.swift */; };
		1D6B5D672576511900544B3C /* input_day1.txt in CopyFiles */ = {isa = PBXBuildFile; fileRef = 1D6B5D602576504400544B3C /* input_day1.txt */; };
		1D6B5D6C2576534E00544B3C /* Day.swift in Sources */ = {isa = PBXBuildFile; fileRef = 1D6B5D6B2576534E00544B3C /* Day.swift */; };
		1D6B5D6F257653F100544B3C /* Day1.swift in Sources */ = {isa = PBXBuildFile; fileRef = 1D6B5D6E257653F100544B3C /* Day1.swift */; };
		1D7BBE432578BE1F00E5C58C /* input-3.txt in CopyFiles */ = {isa = PBXBuildFile; fileRef = 1D7BBE422578BE1400E5C58C /* input-3.txt */; };
		1D7BBE462578BE2A00E5C58C /* Day3.swift in Sources */ = {isa = PBXBuildFile; fileRef = 1D7BBE452578BE2A00E5C58C /* Day3.swift */; };
		1D8CFA29257CDCF700157FB9 /* input-6.txt in CopyFiles */ = {isa = PBXBuildFile; fileRef = 1D8CFA28257CDCF100157FB9 /* input-6.txt */; };
		1D8CFA2C257CDD0600157FB9 /* Day6.swift in Sources */ = {isa = PBXBuildFile; fileRef = 1D8CFA2B257CDD0600157FB9 /* Day6.swift */; };
		1DA153CB257E16ED007B7435 /* input-7.txt in CopyFiles */ = {isa = PBXBuildFile; fileRef = 1DA153C8257E16D3007B7435 /* input-7.txt */; };
		1DA153CE257E16FD007B7435 /* Day7.swift in Sources */ = {isa = PBXBuildFile; fileRef = 1DA153CD257E16FD007B7435 /* Day7.swift */; };
		1DAD89B9257B79CE00664F29 /* Day5.swift in Sources */ = {isa = PBXBuildFile; fileRef = 1DAD89B8257B79CE00664F29 /* Day5.swift */; };
		1DC927F92584C6DA0088613A /* Day12.swift in Sources */ = {isa = PBXBuildFile; fileRef = 1DC927F82584C6DA0088613A /* Day12.swift */; };
		1DC927FC2584C8270088613A /* input-12.txt in CopyFiles */ = {isa = PBXBuildFile; fileRef = 1DC927FB2584C8220088613A /* input-12.txt */; };
		1DCD3C54257E4EFF00FBA5CA /* Day8.swift in Sources */ = {isa = PBXBuildFile; fileRef = 1DCD3C53257E4EFF00FBA5CA /* Day8.swift */; };
		1DD02075258374760004D259 /* input-11.txt in CopyFiles */ = {isa = PBXBuildFile; fileRef = 1DD02074258374730004D259 /* input-11.txt */; };
		1DD020782583747E0004D259 /* Day11.swift in Sources */ = {isa = PBXBuildFile; fileRef = 1DD020772583747E0004D259 /* Day11.swift */; };
		1DD185A7257A1AB900DE3EFB /* Day4.swift in Sources */ = {isa = PBXBuildFile; fileRef = 1DD185A6257A1AB900DE3EFB /* Day4.swift */; };
		1DD185AA257A1B0A00DE3EFB /* input-4.txt in CopyFiles */ = {isa = PBXBuildFile; fileRef = 1DD185A9257A1AFE00DE3EFB /* input-4.txt */; };
		1DDE5EED25875417002CEEA6 /* input-14.txt in CopyFiles */ = {isa = PBXBuildFile; fileRef = 1DDE5EEC25875412002CEEA6 /* input-14.txt */; };
		1DDE5EF02587544B002CEEA6 /* Day14.swift in Sources */ = {isa = PBXBuildFile; fileRef = 1DDE5EEF2587544B002CEEA6 /* Day14.swift */; };
		1DE3FE5B2580BBE100051FDE /* input-9.txt in CopyFiles */ = {isa = PBXBuildFile; fileRef = 1DE3FE5A2580BBCF00051FDE /* input-9.txt */; };
		1DEF34C12586236D00450F31 /* input-13.txt in CopyFiles */ = {isa = PBXBuildFile; fileRef = 1DEF34C02586236900450F31 /* input-13.txt */; };
		1DEF34C42586245500450F31 /* Day13.swift in Sources */ = {isa = PBXBuildFile; fileRef = 1DEF34C32586245500450F31 /* Day13.swift */; };
/* End PBXBuildFile section */

/* Begin PBXCopyFilesBuildPhase section */
		1D6B5D5125764F0600544B3C /* CopyFiles */ = {
			isa = PBXCopyFilesBuildPhase;
			buildActionMask = 12;
			dstPath = "";
			dstSubfolderSpec = 7;
			files = (
				1DDE5EED25875417002CEEA6 /* input-14.txt in CopyFiles */,
				1DEF34C12586236D00450F31 /* input-13.txt in CopyFiles */,
				1DC927FC2584C8270088613A /* input-12.txt in CopyFiles */,
				1DD02075258374760004D259 /* input-11.txt in CopyFiles */,
				1D6335202582140D003BFE5A /* input-10.txt in CopyFiles */,
				1DE3FE5B2580BBE100051FDE /* input-9.txt in CopyFiles */,
				1D2FB49D257F68260014A0E1 /* input-5.txt in CopyFiles */,
				1D2FB497257F68130014A0E1 /* input-8.txt in CopyFiles */,
				1DA153CB257E16ED007B7435 /* input-7.txt in CopyFiles */,
				1D8CFA29257CDCF700157FB9 /* input-6.txt in CopyFiles */,
				1DD185AA257A1B0A00DE3EFB /* input-4.txt in CopyFiles */,
				1D7BBE432578BE1F00E5C58C /* input-3.txt in CopyFiles */,
				1D0D72022577639A00BF4D2E /* input_day2.txt in CopyFiles */,
				1D6B5D672576511900544B3C /* input_day1.txt in CopyFiles */,
			);
			runOnlyForDeploymentPostprocessing = 0;
		};
/* End PBXCopyFilesBuildPhase section */

/* Begin PBXFileReference section */
		1D0D71FE2577634F00BF4D2E /* Day2.swift */ = {isa = PBXFileReference; lastKnownFileType = sourcecode.swift; path = Day2.swift; sourceTree = "<group>"; };
		1D0D72012577638400BF4D2E /* input_day2.txt */ = {isa = PBXFileReference; fileEncoding = 4; lastKnownFileType = text; path = input_day2.txt; sourceTree = "<group>"; };
		1D213DB525765D6D0012B9F3 /* NSColorExtensions.swift */ = {isa = PBXFileReference; fileEncoding = 4; lastKnownFileType = sourcecode.swift; path = NSColorExtensions.swift; sourceTree = "<group>"; };
		1D213DB625765D6D0012B9F3 /* NSViewExtensions.swift */ = {isa = PBXFileReference; fileEncoding = 4; lastKnownFileType = sourcecode.swift; path = NSViewExtensions.swift; sourceTree = "<group>"; };
		1D213DB725765D6D0012B9F3 /* NSImageExtensions.swift */ = {isa = PBXFileReference; fileEncoding = 4; lastKnownFileType = sourcecode.swift; path = NSImageExtensions.swift; sourceTree = "<group>"; };
		1D213DB925765D6D0012B9F3 /* WKWebViewExtensions.swift */ = {isa = PBXFileReference; fileEncoding = 4; lastKnownFileType = sourcecode.swift; path = WKWebViewExtensions.swift; sourceTree = "<group>"; };
		1D213DBB25765D6D0012B9F3 /* CLLocationArrayExtensions.swift */ = {isa = PBXFileReference; fileEncoding = 4; lastKnownFileType = sourcecode.swift; path = CLLocationArrayExtensions.swift; sourceTree = "<group>"; };
		1D213DBC25765D6D0012B9F3 /* CLVisitExtensions.swift */ = {isa = PBXFileReference; fileEncoding = 4; lastKnownFileType = sourcecode.swift; path = CLVisitExtensions.swift; sourceTree = "<group>"; };
		1D213DBD25765D6D0012B9F3 /* CLLocationExtensions.swift */ = {isa = PBXFileReference; fileEncoding = 4; lastKnownFileType = sourcecode.swift; path = CLLocationExtensions.swift; sourceTree = "<group>"; };
		1D213DBF25765D6D0012B9F3 /* EdgeInsetsExtensions.swift */ = {isa = PBXFileReference; fileEncoding = 4; lastKnownFileType = sourcecode.swift; path = EdgeInsetsExtensions.swift; sourceTree = "<group>"; };
		1D213DC025765D6D0012B9F3 /* FontExtensions.swift */ = {isa = PBXFileReference; fileEncoding = 4; lastKnownFileType = sourcecode.swift; path = FontExtensions.swift; sourceTree = "<group>"; };
		1D213DC125765D6D0012B9F3 /* ColorExtensions.swift */ = {isa = PBXFileReference; fileEncoding = 4; lastKnownFileType = sourcecode.swift; path = ColorExtensions.swift; sourceTree = "<group>"; };
		1D213DC325765D6D0012B9F3 /* SCNShapeExtensions.swift */ = {isa = PBXFileReference; fileEncoding = 4; lastKnownFileType = sourcecode.swift; path = SCNShapeExtensions.swift; sourceTree = "<group>"; };
		1D213DC425765D6D0012B9F3 /* SCNSphereExtensions.swift */ = {isa = PBXFileReference; fileEncoding = 4; lastKnownFileType = sourcecode.swift; path = SCNSphereExtensions.swift; sourceTree = "<group>"; };
		1D213DC525765D6D0012B9F3 /* SCNBoxExtensions.swift */ = {isa = PBXFileReference; fileEncoding = 4; lastKnownFileType = sourcecode.swift; path = SCNBoxExtensions.swift; sourceTree = "<group>"; };
		1D213DC625765D6D0012B9F3 /* SCNGeometryExtensions.swift */ = {isa = PBXFileReference; fileEncoding = 4; lastKnownFileType = sourcecode.swift; path = SCNGeometryExtensions.swift; sourceTree = "<group>"; };
		1D213DC725765D6D0012B9F3 /* SCNVector3Extensions.swift */ = {isa = PBXFileReference; fileEncoding = 4; lastKnownFileType = sourcecode.swift; path = SCNVector3Extensions.swift; sourceTree = "<group>"; };
		1D213DC825765D6D0012B9F3 /* SCNCylinderExtensions.swift */ = {isa = PBXFileReference; fileEncoding = 4; lastKnownFileType = sourcecode.swift; path = SCNCylinderExtensions.swift; sourceTree = "<group>"; };
		1D213DC925765D6D0012B9F3 /* SCNMaterialExtensions.swift */ = {isa = PBXFileReference; fileEncoding = 4; lastKnownFileType = sourcecode.swift; path = SCNMaterialExtensions.swift; sourceTree = "<group>"; };
		1D213DCA25765D6D0012B9F3 /* SCNPlaneExtensions.swift */ = {isa = PBXFileReference; fileEncoding = 4; lastKnownFileType = sourcecode.swift; path = SCNPlaneExtensions.swift; sourceTree = "<group>"; };
		1D213DCB25765D6D0012B9F3 /* SCNConeExtensions.swift */ = {isa = PBXFileReference; fileEncoding = 4; lastKnownFileType = sourcecode.swift; path = SCNConeExtensions.swift; sourceTree = "<group>"; };
		1D213DCC25765D6D0012B9F3 /* SCNCapsuleExtensions.swift */ = {isa = PBXFileReference; fileEncoding = 4; lastKnownFileType = sourcecode.swift; path = SCNCapsuleExtensions.swift; sourceTree = "<group>"; };
		1D213DCE25765D6D0012B9F3 /* HKActivitySummaryExtensions.swift */ = {isa = PBXFileReference; fileEncoding = 4; lastKnownFileType = sourcecode.swift; path = HKActivitySummaryExtensions.swift; sourceTree = "<group>"; };
		1D213DD025765D6D0012B9F3 /* MKMapViewExtensions.swift */ = {isa = PBXFileReference; fileEncoding = 4; lastKnownFileType = sourcecode.swift; path = MKMapViewExtensions.swift; sourceTree = "<group>"; };
		1D213DD125765D6D0012B9F3 /* MKPolylineExtensions.swift */ = {isa = PBXFileReference; fileEncoding = 4; lastKnownFileType = sourcecode.swift; path = MKPolylineExtensions.swift; sourceTree = "<group>"; };
		1D213DD325765D6E0012B9F3 /* SKNodeExtensions.swift */ = {isa = PBXFileReference; fileEncoding = 4; lastKnownFileType = sourcecode.swift; path = SKNodeExtensions.swift; sourceTree = "<group>"; };
		1D213DD525765D6E0012B9F3 /* NSPredicateExtensions.swift */ = {isa = PBXFileReference; fileEncoding = 4; lastKnownFileType = sourcecode.swift; path = NSPredicateExtensions.swift; sourceTree = "<group>"; };
		1D213DD625765D6E0012B9F3 /* NSRegularExpressionExtensions.swift */ = {isa = PBXFileReference; fileEncoding = 4; lastKnownFileType = sourcecode.swift; path = NSRegularExpressionExtensions.swift; sourceTree = "<group>"; };
		1D213DD725765D6E0012B9F3 /* UserDefaultsExtensions.swift */ = {isa = PBXFileReference; fileEncoding = 4; lastKnownFileType = sourcecode.swift; path = UserDefaultsExtensions.swift; sourceTree = "<group>"; };
		1D213DD825765D6E0012B9F3 /* DataExtensions.swift */ = {isa = PBXFileReference; fileEncoding = 4; lastKnownFileType = sourcecode.swift; path = DataExtensions.swift; sourceTree = "<group>"; };
		1D213DD925765D6E0012B9F3 /* URLRequestExtensions.swift */ = {isa = PBXFileReference; fileEncoding = 4; lastKnownFileType = sourcecode.swift; path = URLRequestExtensions.swift; sourceTree = "<group>"; };
		1D213DDA25765D6E0012B9F3 /* FileManagerExtensions.swift */ = {isa = PBXFileReference; fileEncoding = 4; lastKnownFileType = sourcecode.swift; path = FileManagerExtensions.swift; sourceTree = "<group>"; };
		1D213DDB25765D6E0012B9F3 /* NotificationCenterExtensions.swift */ = {isa = PBXFileReference; fileEncoding = 4; lastKnownFileType = sourcecode.swift; path = NotificationCenterExtensions.swift; sourceTree = "<group>"; };
		1D213DDC25765D6E0012B9F3 /* URLExtensions.swift */ = {isa = PBXFileReference; fileEncoding = 4; lastKnownFileType = sourcecode.swift; path = URLExtensions.swift; sourceTree = "<group>"; };
		1D213DDD25765D6E0012B9F3 /* LocaleExtensions.swift */ = {isa = PBXFileReference; fileEncoding = 4; lastKnownFileType = sourcecode.swift; path = LocaleExtensions.swift; sourceTree = "<group>"; };
		1D213DDE25765D6E0012B9F3 /* DateExtensions.swift */ = {isa = PBXFileReference; fileEncoding = 4; lastKnownFileType = sourcecode.swift; path = DateExtensions.swift; sourceTree = "<group>"; };
		1D213DDF25765D6E0012B9F3 /* NSAttributedStringExtensions.swift */ = {isa = PBXFileReference; fileEncoding = 4; lastKnownFileType = sourcecode.swift; path = NSAttributedStringExtensions.swift; sourceTree = "<group>"; };
		1D213DE025765D6E0012B9F3 /* CalendarExtensions.swift */ = {isa = PBXFileReference; fileEncoding = 4; lastKnownFileType = sourcecode.swift; path = CalendarExtensions.swift; sourceTree = "<group>"; };
		1D213DE225765D6E0012B9F3 /* DispatchQueueExtensions.swift */ = {isa = PBXFileReference; fileEncoding = 4; lastKnownFileType = sourcecode.swift; path = DispatchQueueExtensions.swift; sourceTree = "<group>"; };
		1D213DE425765D6E0012B9F3 /* SignedIntegerExtensions.swift */ = {isa = PBXFileReference; fileEncoding = 4; lastKnownFileType = sourcecode.swift; path = SignedIntegerExtensions.swift; sourceTree = "<group>"; };
		1D213DE525765D6E0012B9F3 /* BidirectionalCollectionExtensions.swift */ = {isa = PBXFileReference; fileEncoding = 4; lastKnownFileType = sourcecode.swift; path = BidirectionalCollectionExtensions.swift; sourceTree = "<group>"; };
		1D213DE625765D6E0012B9F3 /* ComparableExtensions.swift */ = {isa = PBXFileReference; fileEncoding = 4; lastKnownFileType = sourcecode.swift; path = ComparableExtensions.swift; sourceTree = "<group>"; };
		1D213DE725765D6E0012B9F3 /* ArrayExtensions.swift */ = {isa = PBXFileReference; fileEncoding = 4; lastKnownFileType = sourcecode.swift; path = ArrayExtensions.swift; sourceTree = "<group>"; };
		1D213DE825765D6E0012B9F3 /* StringProtocolExtensions.swift */ = {isa = PBXFileReference; fileEncoding = 4; lastKnownFileType = sourcecode.swift; path = StringProtocolExtensions.swift; sourceTree = "<group>"; };
		1D213DE925765D6E0012B9F3 /* BinaryFloatingPointExtensions.swift */ = {isa = PBXFileReference; fileEncoding = 4; lastKnownFileType = sourcecode.swift; path = BinaryFloatingPointExtensions.swift; sourceTree = "<group>"; };
		1D213DEA25765D6E0012B9F3 /* FloatExtensions.swift */ = {isa = PBXFileReference; fileEncoding = 4; lastKnownFileType = sourcecode.swift; path = FloatExtensions.swift; sourceTree = "<group>"; };
		1D213DEB25765D6E0012B9F3 /* KeyedDecodingContainerExtensions.swift */ = {isa = PBXFileReference; fileEncoding = 4; lastKnownFileType = sourcecode.swift; path = KeyedDecodingContainerExtensions.swift; sourceTree = "<group>"; };
		1D213DEC25765D6E0012B9F3 /* SequenceExtensions.swift */ = {isa = PBXFileReference; fileEncoding = 4; lastKnownFileType = sourcecode.swift; path = SequenceExtensions.swift; sourceTree = "<group>"; };
		1D213DED25765D6E0012B9F3 /* MutableCollectionExtensions.swift */ = {isa = PBXFileReference; fileEncoding = 4; lastKnownFileType = sourcecode.swift; path = MutableCollectionExtensions.swift; sourceTree = "<group>"; };
		1D213DEE25765D6E0012B9F3 /* SignedNumericExtensions.swift */ = {isa = PBXFileReference; fileEncoding = 4; lastKnownFileType = sourcecode.swift; path = SignedNumericExtensions.swift; sourceTree = "<group>"; };
		1D213DEF25765D6E0012B9F3 /* DictionaryExtensions.swift */ = {isa = PBXFileReference; fileEncoding = 4; lastKnownFileType = sourcecode.swift; path = DictionaryExtensions.swift; sourceTree = "<group>"; };
		1D213DF025765D6E0012B9F3 /* StringExtensions.swift */ = {isa = PBXFileReference; fileEncoding = 4; lastKnownFileType = sourcecode.swift; path = StringExtensions.swift; sourceTree = "<group>"; };
		1D213DF125765D6E0012B9F3 /* DecodableExtensions.swift */ = {isa = PBXFileReference; fileEncoding = 4; lastKnownFileType = sourcecode.swift; path = DecodableExtensions.swift; sourceTree = "<group>"; };
		1D213DF225765D6E0012B9F3 /* BoolExtensions.swift */ = {isa = PBXFileReference; fileEncoding = 4; lastKnownFileType = sourcecode.swift; path = BoolExtensions.swift; sourceTree = "<group>"; };
		1D213DF325765D6E0012B9F3 /* DoubleExtensions.swift */ = {isa = PBXFileReference; fileEncoding = 4; lastKnownFileType = sourcecode.swift; path = DoubleExtensions.swift; sourceTree = "<group>"; };
		1D213DF425765D6E0012B9F3 /* CharacterExtensions.swift */ = {isa = PBXFileReference; fileEncoding = 4; lastKnownFileType = sourcecode.swift; path = CharacterExtensions.swift; sourceTree = "<group>"; };
		1D213DF525765D6E0012B9F3 /* FloatingPointExtensions.swift */ = {isa = PBXFileReference; fileEncoding = 4; lastKnownFileType = sourcecode.swift; path = FloatingPointExtensions.swift; sourceTree = "<group>"; };
		1D213DF625765D6E0012B9F3 /* IntExtensions.swift */ = {isa = PBXFileReference; fileEncoding = 4; lastKnownFileType = sourcecode.swift; path = IntExtensions.swift; sourceTree = "<group>"; };
		1D213DF725765D6E0012B9F3 /* RangeReplaceableCollectionExtensions.swift */ = {isa = PBXFileReference; fileEncoding = 4; lastKnownFileType = sourcecode.swift; path = RangeReplaceableCollectionExtensions.swift; sourceTree = "<group>"; };
		1D213DF825765D6E0012B9F3 /* OptionalExtensions.swift */ = {isa = PBXFileReference; fileEncoding = 4; lastKnownFileType = sourcecode.swift; path = OptionalExtensions.swift; sourceTree = "<group>"; };
		1D213DF925765D6E0012B9F3 /* CollectionExtensions.swift */ = {isa = PBXFileReference; fileEncoding = 4; lastKnownFileType = sourcecode.swift; path = CollectionExtensions.swift; sourceTree = "<group>"; };
		1D213DFB25765D6E0012B9F3 /* StdlibDeprecated.swift */ = {isa = PBXFileReference; fileEncoding = 4; lastKnownFileType = sourcecode.swift; path = StdlibDeprecated.swift; sourceTree = "<group>"; };
		1D213DFD25765D6E0012B9F3 /* CGRectExtensions.swift */ = {isa = PBXFileReference; fileEncoding = 4; lastKnownFileType = sourcecode.swift; path = CGRectExtensions.swift; sourceTree = "<group>"; };
		1D213DFE25765D6E0012B9F3 /* CGFloatExtensions.swift */ = {isa = PBXFileReference; fileEncoding = 4; lastKnownFileType = sourcecode.swift; path = CGFloatExtensions.swift; sourceTree = "<group>"; };
		1D213DFF25765D6E0012B9F3 /* CGVectorExtensions.swift */ = {isa = PBXFileReference; fileEncoding = 4; lastKnownFileType = sourcecode.swift; path = CGVectorExtensions.swift; sourceTree = "<group>"; };
		1D213E0025765D6E0012B9F3 /* CGSizeExtensions.swift */ = {isa = PBXFileReference; fileEncoding = 4; lastKnownFileType = sourcecode.swift; path = CGSizeExtensions.swift; sourceTree = "<group>"; };
		1D213E0125765D6E0012B9F3 /* CGAffineTransformExtensions.swift */ = {isa = PBXFileReference; fileEncoding = 4; lastKnownFileType = sourcecode.swift; path = CGAffineTransformExtensions.swift; sourceTree = "<group>"; };
		1D213E0225765D6E0012B9F3 /* CGPointExtensions.swift */ = {isa = PBXFileReference; fileEncoding = 4; lastKnownFileType = sourcecode.swift; path = CGPointExtensions.swift; sourceTree = "<group>"; };
		1D213E0325765D6E0012B9F3 /* CGColorExtensions.swift */ = {isa = PBXFileReference; fileEncoding = 4; lastKnownFileType = sourcecode.swift; path = CGColorExtensions.swift; sourceTree = "<group>"; };
		1D213E0525765D6E0012B9F3 /* UIBezierPathExtensions.swift */ = {isa = PBXFileReference; fileEncoding = 4; lastKnownFileType = sourcecode.swift; path = UIBezierPathExtensions.swift; sourceTree = "<group>"; };
		1D213E0625765D6E0012B9F3 /* UISearchBarExtensions.swift */ = {isa = PBXFileReference; fileEncoding = 4; lastKnownFileType = sourcecode.swift; path = UISearchBarExtensions.swift; sourceTree = "<group>"; };
		1D213E0725765D6E0012B9F3 /* UITableViewExtensions.swift */ = {isa = PBXFileReference; fileEncoding = 4; lastKnownFileType = sourcecode.swift; path = UITableViewExtensions.swift; sourceTree = "<group>"; };
		1D213E0825765D6E0012B9F3 /* UIScrollViewExtensions.swift */ = {isa = PBXFileReference; fileEncoding = 4; lastKnownFileType = sourcecode.swift; path = UIScrollViewExtensions.swift; sourceTree = "<group>"; };
		1D213E0925765D6E0012B9F3 /* UITextFieldExtensions.swift */ = {isa = PBXFileReference; fileEncoding = 4; lastKnownFileType = sourcecode.swift; path = UITextFieldExtensions.swift; sourceTree = "<group>"; };
		1D213E0A25765D6E0012B9F3 /* UILayoutPriorityExtensions.swift */ = {isa = PBXFileReference; fileEncoding = 4; lastKnownFileType = sourcecode.swift; path = UILayoutPriorityExtensions.swift; sourceTree = "<group>"; };
		1D213E0B25765D6E0012B9F3 /* UINavigationItemExtensions.swift */ = {isa = PBXFileReference; fileEncoding = 4; lastKnownFileType = sourcecode.swift; path = UINavigationItemExtensions.swift; sourceTree = "<group>"; };
		1D213E0C25765D6E0012B9F3 /* UIStackViewExtensions.swift */ = {isa = PBXFileReference; fileEncoding = 4; lastKnownFileType = sourcecode.swift; path = UIStackViewExtensions.swift; sourceTree = "<group>"; };
		1D213E0D25765D6E0012B9F3 /* UICollectionViewExtensions.swift */ = {isa = PBXFileReference; fileEncoding = 4; lastKnownFileType = sourcecode.swift; path = UICollectionViewExtensions.swift; sourceTree = "<group>"; };
		1D213E0E25765D6E0012B9F3 /* UITextViewExtensions.swift */ = {isa = PBXFileReference; fileEncoding = 4; lastKnownFileType = sourcecode.swift; path = UITextViewExtensions.swift; sourceTree = "<group>"; };
		1D213E0F25765D6E0012B9F3 /* UIBarButtonItemExtensions.swift */ = {isa = PBXFileReference; fileEncoding = 4; lastKnownFileType = sourcecode.swift; path = UIBarButtonItemExtensions.swift; sourceTree = "<group>"; };
		1D213E1025765D6E0012B9F3 /* UIStoryboardExtensions.swift */ = {isa = PBXFileReference; fileEncoding = 4; lastKnownFileType = sourcecode.swift; path = UIStoryboardExtensions.swift; sourceTree = "<group>"; };
		1D213E1125765D6E0012B9F3 /* UITabBarExtensions.swift */ = {isa = PBXFileReference; fileEncoding = 4; lastKnownFileType = sourcecode.swift; path = UITabBarExtensions.swift; sourceTree = "<group>"; };
		1D213E1225765D6E0012B9F3 /* UISegmentedControlExtensions.swift */ = {isa = PBXFileReference; fileEncoding = 4; lastKnownFileType = sourcecode.swift; path = UISegmentedControlExtensions.swift; sourceTree = "<group>"; };
		1D213E1325765D6E0012B9F3 /* UINavigationBarExtensions.swift */ = {isa = PBXFileReference; fileEncoding = 4; lastKnownFileType = sourcecode.swift; path = UINavigationBarExtensions.swift; sourceTree = "<group>"; };
		1D213E1425765D6E0012B9F3 /* UIActivityExtensions.swift */ = {isa = PBXFileReference; fileEncoding = 4; lastKnownFileType = sourcecode.swift; path = UIActivityExtensions.swift; sourceTree = "<group>"; };
		1D213E1525765D6E0012B9F3 /* UISliderExtensions.swift */ = {isa = PBXFileReference; fileEncoding = 4; lastKnownFileType = sourcecode.swift; path = UISliderExtensions.swift; sourceTree = "<group>"; };
		1D213E1625765D6E0012B9F3 /* UIViewControllerExtensions.swift */ = {isa = PBXFileReference; fileEncoding = 4; lastKnownFileType = sourcecode.swift; path = UIViewControllerExtensions.swift; sourceTree = "<group>"; };
		1D213E1725765D6E0012B9F3 /* UIImageExtensions.swift */ = {isa = PBXFileReference; fileEncoding = 4; lastKnownFileType = sourcecode.swift; path = UIImageExtensions.swift; sourceTree = "<group>"; };
		1D213E1825765D6E0012B9F3 /* UINavigationControllerExtensions.swift */ = {isa = PBXFileReference; fileEncoding = 4; lastKnownFileType = sourcecode.swift; path = UINavigationControllerExtensions.swift; sourceTree = "<group>"; };
		1D213E1925765D6E0012B9F3 /* UIViewExtensions.swift */ = {isa = PBXFileReference; fileEncoding = 4; lastKnownFileType = sourcecode.swift; path = UIViewExtensions.swift; sourceTree = "<group>"; };
		1D213E1A25765D6E0012B9F3 /* UIGestureRecognizerExtensions.swift */ = {isa = PBXFileReference; fileEncoding = 4; lastKnownFileType = sourcecode.swift; path = UIGestureRecognizerExtensions.swift; sourceTree = "<group>"; };
		1D213E1B25765D6E0012B9F3 /* UIWindowExtensions.swift */ = {isa = PBXFileReference; fileEncoding = 4; lastKnownFileType = sourcecode.swift; path = UIWindowExtensions.swift; sourceTree = "<group>"; };
		1D213E1C25765D6E0012B9F3 /* UILabelExtensions.swift */ = {isa = PBXFileReference; fileEncoding = 4; lastKnownFileType = sourcecode.swift; path = UILabelExtensions.swift; sourceTree = "<group>"; };
		1D213E1D25765D6E0012B9F3 /* UISwitchExtensions.swift */ = {isa = PBXFileReference; fileEncoding = 4; lastKnownFileType = sourcecode.swift; path = UISwitchExtensions.swift; sourceTree = "<group>"; };
		1D213E1E25765D6E0012B9F3 /* UIButtonExtensions.swift */ = {isa = PBXFileReference; fileEncoding = 4; lastKnownFileType = sourcecode.swift; path = UIButtonExtensions.swift; sourceTree = "<group>"; };
		1D213E1F25765D6E0012B9F3 /* UIApplicationExtensions.swift */ = {isa = PBXFileReference; fileEncoding = 4; lastKnownFileType = sourcecode.swift; path = UIApplicationExtensions.swift; sourceTree = "<group>"; };
		1D213E2025765D6E0012B9F3 /* UIImageViewExtensions.swift */ = {isa = PBXFileReference; fileEncoding = 4; lastKnownFileType = sourcecode.swift; path = UIImageViewExtensions.swift; sourceTree = "<group>"; };
		1D213E2125765D6E0012B9F3 /* UIRefreshControlExtensions.swift */ = {isa = PBXFileReference; fileEncoding = 4; lastKnownFileType = sourcecode.swift; path = UIRefreshControlExtensions.swift; sourceTree = "<group>"; };
		1D213E2225765D6E0012B9F3 /* UIAlertControllerExtensions.swift */ = {isa = PBXFileReference; fileEncoding = 4; lastKnownFileType = sourcecode.swift; path = UIAlertControllerExtensions.swift; sourceTree = "<group>"; };
		1D213E2325765D6E0012B9F3 /* UIFontExtensions.swift */ = {isa = PBXFileReference; fileEncoding = 4; lastKnownFileType = sourcecode.swift; path = UIFontExtensions.swift; sourceTree = "<group>"; };
		1D213E2425765D6E0012B9F3 /* UIDatePickerExtensions.swift */ = {isa = PBXFileReference; fileEncoding = 4; lastKnownFileType = sourcecode.swift; path = UIDatePickerExtensions.swift; sourceTree = "<group>"; };
		1D213E2525765D6E0012B9F3 /* UIColorExtensions.swift */ = {isa = PBXFileReference; fileEncoding = 4; lastKnownFileType = sourcecode.swift; path = UIColorExtensions.swift; sourceTree = "<group>"; };
		1D213E2725765D6E0012B9F3 /* CAGradientLayerExtensions.swift */ = {isa = PBXFileReference; fileEncoding = 4; lastKnownFileType = sourcecode.swift; path = CAGradientLayerExtensions.swift; sourceTree = "<group>"; };
		1D213E2825765D6E0012B9F3 /* CATransform3DExtensions.swift */ = {isa = PBXFileReference; fileEncoding = 4; lastKnownFileType = sourcecode.swift; path = CATransform3DExtensions.swift; sourceTree = "<group>"; };
		1D213E2A25765D6E0012B9F3 /* SKProductExtensions.swift */ = {isa = PBXFileReference; fileEncoding = 4; lastKnownFileType = sourcecode.swift; path = SKProductExtensions.swift; sourceTree = "<group>"; };
		1D2FB496257F68090014A0E1 /* input-8.txt */ = {isa = PBXFileReference; fileEncoding = 4; lastKnownFileType = text; path = "input-8.txt"; sourceTree = "<group>"; };
		1D2FB4A0257F6EF90014A0E1 /* DayComputer.swift */ = {isa = PBXFileReference; lastKnownFileType = sourcecode.swift; path = DayComputer.swift; sourceTree = "<group>"; };
		1D2FB4A6257F70DF0014A0E1 /* Day9.swift */ = {isa = PBXFileReference; lastKnownFileType = sourcecode.swift; path = Day9.swift; sourceTree = "<group>"; };
		1D63351B25821228003BFE5A /* Day10.swift */ = {isa = PBXFileReference; lastKnownFileType = sourcecode.swift; path = Day10.swift; sourceTree = "<group>"; };
		1D63351E2582122F003BFE5A /* input-10.txt */ = {isa = PBXFileReference; fileEncoding = 4; lastKnownFileType = text; path = "input-10.txt"; sourceTree = "<group>"; };
		1D6B5D5325764F0600544B3C /* AoC2020 */ = {isa = PBXFileReference; explicitFileType = "compiled.mach-o.executable"; includeInIndex = 0; path = AoC2020; sourceTree = BUILT_PRODUCTS_DIR; };
		1D6B5D5625764F0600544B3C /* main.swift */ = {isa = PBXFileReference; lastKnownFileType = sourcecode.swift; path = main.swift; sourceTree = "<group>"; };
		1D6B5D602576504400544B3C /* input_day1.txt */ = {isa = PBXFileReference; fileEncoding = 4; lastKnownFileType = text; path = input_day1.txt; sourceTree = "<group>"; };
		1D6B5D6B2576534E00544B3C /* Day.swift */ = {isa = PBXFileReference; lastKnownFileType = sourcecode.swift; path = Day.swift; sourceTree = "<group>"; };
		1D6B5D6E257653F100544B3C /* Day1.swift */ = {isa = PBXFileReference; lastKnownFileType = sourcecode.swift; path = Day1.swift; sourceTree = "<group>"; };
		1D7BBE422578BE1400E5C58C /* input-3.txt */ = {isa = PBXFileReference; fileEncoding = 4; lastKnownFileType = text; path = "input-3.txt"; sourceTree = "<group>"; };
		1D7BBE452578BE2A00E5C58C /* Day3.swift */ = {isa = PBXFileReference; lastKnownFileType = sourcecode.swift; path = Day3.swift; sourceTree = "<group>"; };
		1D8CFA28257CDCF100157FB9 /* input-6.txt */ = {isa = PBXFileReference; fileEncoding = 4; lastKnownFileType = text; path = "input-6.txt"; sourceTree = "<group>"; };
		1D8CFA2B257CDD0600157FB9 /* Day6.swift */ = {isa = PBXFileReference; lastKnownFileType = sourcecode.swift; path = Day6.swift; sourceTree = "<group>"; };
		1DA153C8257E16D3007B7435 /* input-7.txt */ = {isa = PBXFileReference; fileEncoding = 4; lastKnownFileType = text; path = "input-7.txt"; sourceTree = "<group>"; };
		1DA153CA257E16E0007B7435 /* input-5.txt */ = {isa = PBXFileReference; lastKnownFileType = text; path = "input-5.txt"; sourceTree = "<group>"; };
		1DA153CD257E16FD007B7435 /* Day7.swift */ = {isa = PBXFileReference; lastKnownFileType = sourcecode.swift; path = Day7.swift; sourceTree = "<group>"; };
		1DAD89B8257B79CE00664F29 /* Day5.swift */ = {isa = PBXFileReference; lastKnownFileType = sourcecode.swift; path = Day5.swift; sourceTree = "<group>"; };
		1DC927F82584C6DA0088613A /* Day12.swift */ = {isa = PBXFileReference; lastKnownFileType = sourcecode.swift; path = Day12.swift; sourceTree = "<group>"; };
		1DC927FB2584C8220088613A /* input-12.txt */ = {isa = PBXFileReference; fileEncoding = 4; lastKnownFileType = text; path = "input-12.txt"; sourceTree = "<group>"; };
		1DCD3C53257E4EFF00FBA5CA /* Day8.swift */ = {isa = PBXFileReference; lastKnownFileType = sourcecode.swift; path = Day8.swift; sourceTree = "<group>"; };
		1DD02074258374730004D259 /* input-11.txt */ = {isa = PBXFileReference; fileEncoding = 4; lastKnownFileType = text; path = "input-11.txt"; sourceTree = "<group>"; };
		1DD020772583747E0004D259 /* Day11.swift */ = {isa = PBXFileReference; lastKnownFileType = sourcecode.swift; path = Day11.swift; sourceTree = "<group>"; };
		1DD185A6257A1AB900DE3EFB /* Day4.swift */ = {isa = PBXFileReference; lastKnownFileType = sourcecode.swift; path = Day4.swift; sourceTree = "<group>"; };
		1DD185A9257A1AFE00DE3EFB /* input-4.txt */ = {isa = PBXFileReference; fileEncoding = 4; lastKnownFileType = text; path = "input-4.txt"; sourceTree = "<group>"; };
		1DDE5EEC25875412002CEEA6 /* input-14.txt */ = {isa = PBXFileReference; fileEncoding = 4; lastKnownFileType = text; path = "input-14.txt"; sourceTree = "<group>"; };
		1DDE5EEF2587544B002CEEA6 /* Day14.swift */ = {isa = PBXFileReference; lastKnownFileType = sourcecode.swift; path = Day14.swift; sourceTree = "<group>"; };
		1DE3FE5A2580BBCF00051FDE /* input-9.txt */ = {isa = PBXFileReference; fileEncoding = 4; lastKnownFileType = text; path = "input-9.txt"; sourceTree = "<group>"; };
		1DEF34C02586236900450F31 /* input-13.txt */ = {isa = PBXFileReference; fileEncoding = 4; lastKnownFileType = text; path = "input-13.txt"; sourceTree = "<group>"; };
		1DEF34C32586245500450F31 /* Day13.swift */ = {isa = PBXFileReference; lastKnownFileType = sourcecode.swift; path = Day13.swift; sourceTree = "<group>"; };
/* End PBXFileReference section */

/* Begin PBXFrameworksBuildPhase section */
		1D6B5D5025764F0600544B3C /* Frameworks */ = {
			isa = PBXFrameworksBuildPhase;
			buildActionMask = 2147483647;
			files = (
			);
			runOnlyForDeploymentPostprocessing = 0;
		};
/* End PBXFrameworksBuildPhase section */

/* Begin PBXGroup section */
		1D213DB325765D600012B9F3 /* SwifterSwift */ = {
			isa = PBXGroup;
			children = (
				1D213DB425765D6D0012B9F3 /* AppKit */,
				1D213E2625765D6E0012B9F3 /* CoreAnimation */,
				1D213DFC25765D6E0012B9F3 /* CoreGraphics */,
				1D213DBA25765D6D0012B9F3 /* CoreLocation */,
				1D213DE125765D6E0012B9F3 /* Dispatch */,
				1D213DD425765D6E0012B9F3 /* Foundation */,
				1D213DCD25765D6D0012B9F3 /* HealthKit */,
				1D213DCF25765D6D0012B9F3 /* MapKit */,
				1D213DC225765D6D0012B9F3 /* SceneKit */,
				1D213DBE25765D6D0012B9F3 /* Shared */,
				1D213DD225765D6E0012B9F3 /* SpriteKit */,
				1D213E2925765D6E0012B9F3 /* StoreKit */,
				1D213DE325765D6E0012B9F3 /* SwiftStdlib */,
				1D213E0425765D6E0012B9F3 /* UIKit */,
				1D213DB825765D6D0012B9F3 /* WebKit */,
			);
			path = SwifterSwift;
			sourceTree = "<group>";
		};
		1D213DB425765D6D0012B9F3 /* AppKit */ = {
			isa = PBXGroup;
			children = (
				1D213DB525765D6D0012B9F3 /* NSColorExtensions.swift */,
				1D213DB625765D6D0012B9F3 /* NSViewExtensions.swift */,
				1D213DB725765D6D0012B9F3 /* NSImageExtensions.swift */,
			);
			path = AppKit;
			sourceTree = "<group>";
		};
		1D213DB825765D6D0012B9F3 /* WebKit */ = {
			isa = PBXGroup;
			children = (
				1D213DB925765D6D0012B9F3 /* WKWebViewExtensions.swift */,
			);
			path = WebKit;
			sourceTree = "<group>";
		};
		1D213DBA25765D6D0012B9F3 /* CoreLocation */ = {
			isa = PBXGroup;
			children = (
				1D213DBB25765D6D0012B9F3 /* CLLocationArrayExtensions.swift */,
				1D213DBC25765D6D0012B9F3 /* CLVisitExtensions.swift */,
				1D213DBD25765D6D0012B9F3 /* CLLocationExtensions.swift */,
			);
			path = CoreLocation;
			sourceTree = "<group>";
		};
		1D213DBE25765D6D0012B9F3 /* Shared */ = {
			isa = PBXGroup;
			children = (
				1D213DBF25765D6D0012B9F3 /* EdgeInsetsExtensions.swift */,
				1D213DC025765D6D0012B9F3 /* FontExtensions.swift */,
				1D213DC125765D6D0012B9F3 /* ColorExtensions.swift */,
			);
			path = Shared;
			sourceTree = "<group>";
		};
		1D213DC225765D6D0012B9F3 /* SceneKit */ = {
			isa = PBXGroup;
			children = (
				1D213DC325765D6D0012B9F3 /* SCNShapeExtensions.swift */,
				1D213DC425765D6D0012B9F3 /* SCNSphereExtensions.swift */,
				1D213DC525765D6D0012B9F3 /* SCNBoxExtensions.swift */,
				1D213DC625765D6D0012B9F3 /* SCNGeometryExtensions.swift */,
				1D213DC725765D6D0012B9F3 /* SCNVector3Extensions.swift */,
				1D213DC825765D6D0012B9F3 /* SCNCylinderExtensions.swift */,
				1D213DC925765D6D0012B9F3 /* SCNMaterialExtensions.swift */,
				1D213DCA25765D6D0012B9F3 /* SCNPlaneExtensions.swift */,
				1D213DCB25765D6D0012B9F3 /* SCNConeExtensions.swift */,
				1D213DCC25765D6D0012B9F3 /* SCNCapsuleExtensions.swift */,
			);
			path = SceneKit;
			sourceTree = "<group>";
		};
		1D213DCD25765D6D0012B9F3 /* HealthKit */ = {
			isa = PBXGroup;
			children = (
				1D213DCE25765D6D0012B9F3 /* HKActivitySummaryExtensions.swift */,
			);
			path = HealthKit;
			sourceTree = "<group>";
		};
		1D213DCF25765D6D0012B9F3 /* MapKit */ = {
			isa = PBXGroup;
			children = (
				1D213DD025765D6D0012B9F3 /* MKMapViewExtensions.swift */,
				1D213DD125765D6D0012B9F3 /* MKPolylineExtensions.swift */,
			);
			path = MapKit;
			sourceTree = "<group>";
		};
		1D213DD225765D6E0012B9F3 /* SpriteKit */ = {
			isa = PBXGroup;
			children = (
				1D213DD325765D6E0012B9F3 /* SKNodeExtensions.swift */,
			);
			path = SpriteKit;
			sourceTree = "<group>";
		};
		1D213DD425765D6E0012B9F3 /* Foundation */ = {
			isa = PBXGroup;
			children = (
				1D213DD525765D6E0012B9F3 /* NSPredicateExtensions.swift */,
				1D213DD625765D6E0012B9F3 /* NSRegularExpressionExtensions.swift */,
				1D213DD725765D6E0012B9F3 /* UserDefaultsExtensions.swift */,
				1D213DD825765D6E0012B9F3 /* DataExtensions.swift */,
				1D213DD925765D6E0012B9F3 /* URLRequestExtensions.swift */,
				1D213DDA25765D6E0012B9F3 /* FileManagerExtensions.swift */,
				1D213DDB25765D6E0012B9F3 /* NotificationCenterExtensions.swift */,
				1D213DDC25765D6E0012B9F3 /* URLExtensions.swift */,
				1D213DDD25765D6E0012B9F3 /* LocaleExtensions.swift */,
				1D213DDE25765D6E0012B9F3 /* DateExtensions.swift */,
				1D213DDF25765D6E0012B9F3 /* NSAttributedStringExtensions.swift */,
				1D213DE025765D6E0012B9F3 /* CalendarExtensions.swift */,
			);
			path = Foundation;
			sourceTree = "<group>";
		};
		1D213DE125765D6E0012B9F3 /* Dispatch */ = {
			isa = PBXGroup;
			children = (
				1D213DE225765D6E0012B9F3 /* DispatchQueueExtensions.swift */,
			);
			path = Dispatch;
			sourceTree = "<group>";
		};
		1D213DE325765D6E0012B9F3 /* SwiftStdlib */ = {
			isa = PBXGroup;
			children = (
				1D213DE425765D6E0012B9F3 /* SignedIntegerExtensions.swift */,
				1D213DE525765D6E0012B9F3 /* BidirectionalCollectionExtensions.swift */,
				1D213DE625765D6E0012B9F3 /* ComparableExtensions.swift */,
				1D213DE725765D6E0012B9F3 /* ArrayExtensions.swift */,
				1D213DE825765D6E0012B9F3 /* StringProtocolExtensions.swift */,
				1D213DE925765D6E0012B9F3 /* BinaryFloatingPointExtensions.swift */,
				1D213DEA25765D6E0012B9F3 /* FloatExtensions.swift */,
				1D213DEB25765D6E0012B9F3 /* KeyedDecodingContainerExtensions.swift */,
				1D213DEC25765D6E0012B9F3 /* SequenceExtensions.swift */,
				1D213DED25765D6E0012B9F3 /* MutableCollectionExtensions.swift */,
				1D213DEE25765D6E0012B9F3 /* SignedNumericExtensions.swift */,
				1D213DEF25765D6E0012B9F3 /* DictionaryExtensions.swift */,
				1D213DF025765D6E0012B9F3 /* StringExtensions.swift */,
				1D213DF125765D6E0012B9F3 /* DecodableExtensions.swift */,
				1D213DF225765D6E0012B9F3 /* BoolExtensions.swift */,
				1D213DF325765D6E0012B9F3 /* DoubleExtensions.swift */,
				1D213DF425765D6E0012B9F3 /* CharacterExtensions.swift */,
				1D213DF525765D6E0012B9F3 /* FloatingPointExtensions.swift */,
				1D213DF625765D6E0012B9F3 /* IntExtensions.swift */,
				1D213DF725765D6E0012B9F3 /* RangeReplaceableCollectionExtensions.swift */,
				1D213DF825765D6E0012B9F3 /* OptionalExtensions.swift */,
				1D213DF925765D6E0012B9F3 /* CollectionExtensions.swift */,
				1D213DFA25765D6E0012B9F3 /* Deprecated */,
			);
			path = SwiftStdlib;
			sourceTree = "<group>";
		};
		1D213DFA25765D6E0012B9F3 /* Deprecated */ = {
			isa = PBXGroup;
			children = (
				1D213DFB25765D6E0012B9F3 /* StdlibDeprecated.swift */,
			);
			path = Deprecated;
			sourceTree = "<group>";
		};
		1D213DFC25765D6E0012B9F3 /* CoreGraphics */ = {
			isa = PBXGroup;
			children = (
				1D213DFD25765D6E0012B9F3 /* CGRectExtensions.swift */,
				1D213DFE25765D6E0012B9F3 /* CGFloatExtensions.swift */,
				1D213DFF25765D6E0012B9F3 /* CGVectorExtensions.swift */,
				1D213E0025765D6E0012B9F3 /* CGSizeExtensions.swift */,
				1D213E0125765D6E0012B9F3 /* CGAffineTransformExtensions.swift */,
				1D213E0225765D6E0012B9F3 /* CGPointExtensions.swift */,
				1D213E0325765D6E0012B9F3 /* CGColorExtensions.swift */,
			);
			path = CoreGraphics;
			sourceTree = "<group>";
		};
		1D213E0425765D6E0012B9F3 /* UIKit */ = {
			isa = PBXGroup;
			children = (
				1D213E0525765D6E0012B9F3 /* UIBezierPathExtensions.swift */,
				1D213E0625765D6E0012B9F3 /* UISearchBarExtensions.swift */,
				1D213E0725765D6E0012B9F3 /* UITableViewExtensions.swift */,
				1D213E0825765D6E0012B9F3 /* UIScrollViewExtensions.swift */,
				1D213E0925765D6E0012B9F3 /* UITextFieldExtensions.swift */,
				1D213E0A25765D6E0012B9F3 /* UILayoutPriorityExtensions.swift */,
				1D213E0B25765D6E0012B9F3 /* UINavigationItemExtensions.swift */,
				1D213E0C25765D6E0012B9F3 /* UIStackViewExtensions.swift */,
				1D213E0D25765D6E0012B9F3 /* UICollectionViewExtensions.swift */,
				1D213E0E25765D6E0012B9F3 /* UITextViewExtensions.swift */,
				1D213E0F25765D6E0012B9F3 /* UIBarButtonItemExtensions.swift */,
				1D213E1025765D6E0012B9F3 /* UIStoryboardExtensions.swift */,
				1D213E1125765D6E0012B9F3 /* UITabBarExtensions.swift */,
				1D213E1225765D6E0012B9F3 /* UISegmentedControlExtensions.swift */,
				1D213E1325765D6E0012B9F3 /* UINavigationBarExtensions.swift */,
				1D213E1425765D6E0012B9F3 /* UIActivityExtensions.swift */,
				1D213E1525765D6E0012B9F3 /* UISliderExtensions.swift */,
				1D213E1625765D6E0012B9F3 /* UIViewControllerExtensions.swift */,
				1D213E1725765D6E0012B9F3 /* UIImageExtensions.swift */,
				1D213E1825765D6E0012B9F3 /* UINavigationControllerExtensions.swift */,
				1D213E1925765D6E0012B9F3 /* UIViewExtensions.swift */,
				1D213E1A25765D6E0012B9F3 /* UIGestureRecognizerExtensions.swift */,
				1D213E1B25765D6E0012B9F3 /* UIWindowExtensions.swift */,
				1D213E1C25765D6E0012B9F3 /* UILabelExtensions.swift */,
				1D213E1D25765D6E0012B9F3 /* UISwitchExtensions.swift */,
				1D213E1E25765D6E0012B9F3 /* UIButtonExtensions.swift */,
				1D213E1F25765D6E0012B9F3 /* UIApplicationExtensions.swift */,
				1D213E2025765D6E0012B9F3 /* UIImageViewExtensions.swift */,
				1D213E2125765D6E0012B9F3 /* UIRefreshControlExtensions.swift */,
				1D213E2225765D6E0012B9F3 /* UIAlertControllerExtensions.swift */,
				1D213E2325765D6E0012B9F3 /* UIFontExtensions.swift */,
				1D213E2425765D6E0012B9F3 /* UIDatePickerExtensions.swift */,
				1D213E2525765D6E0012B9F3 /* UIColorExtensions.swift */,
			);
			path = UIKit;
			sourceTree = "<group>";
		};
		1D213E2625765D6E0012B9F3 /* CoreAnimation */ = {
			isa = PBXGroup;
			children = (
				1D213E2725765D6E0012B9F3 /* CAGradientLayerExtensions.swift */,
				1D213E2825765D6E0012B9F3 /* CATransform3DExtensions.swift */,
			);
			path = CoreAnimation;
			sourceTree = "<group>";
		};
		1D213E2925765D6E0012B9F3 /* StoreKit */ = {
			isa = PBXGroup;
			children = (
				1D213E2A25765D6E0012B9F3 /* SKProductExtensions.swift */,
			);
			path = StoreKit;
			sourceTree = "<group>";
		};
		1D2FB4A3257F6FC90014A0E1 /* Classes */ = {
			isa = PBXGroup;
			children = (
				1D6B5D6B2576534E00544B3C /* Day.swift */,
				1D2FB4A0257F6EF90014A0E1 /* DayComputer.swift */,
			);
			path = Classes;
			sourceTree = "<group>";
		};
		1D6B5D4A25764F0600544B3C = {
			isa = PBXGroup;
			children = (
				1D6B5D5525764F0600544B3C /* AoC2020 */,
				1D6B5D5425764F0600544B3C /* Products */,
			);
			sourceTree = "<group>";
		};
		1D6B5D5425764F0600544B3C /* Products */ = {
			isa = PBXGroup;
			children = (
				1D6B5D5325764F0600544B3C /* AoC2020 */,
			);
			name = Products;
			sourceTree = "<group>";
		};
		1D6B5D5525764F0600544B3C /* AoC2020 */ = {
			isa = PBXGroup;
			children = (
				1DA153C9257E16D8007B7435 /* Inputs */,
				1DCD3C56257E4F0400FBA5CA /* Days */,
				1D213DB325765D600012B9F3 /* SwifterSwift */,
				1D6B5D5625764F0600544B3C /* main.swift */,
			);
			path = AoC2020;
			sourceTree = "<group>";
		};
		1DA153C9257E16D8007B7435 /* Inputs */ = {
			isa = PBXGroup;
			children = (
				1D6B5D602576504400544B3C /* input_day1.txt */,
				1D0D72012577638400BF4D2E /* input_day2.txt */,
				1D7BBE422578BE1400E5C58C /* input-3.txt */,
				1DD185A9257A1AFE00DE3EFB /* input-4.txt */,
				1DA153CA257E16E0007B7435 /* input-5.txt */,
				1D8CFA28257CDCF100157FB9 /* input-6.txt */,
				1DA153C8257E16D3007B7435 /* input-7.txt */,
				1D2FB496257F68090014A0E1 /* input-8.txt */,
				1DE3FE5A2580BBCF00051FDE /* input-9.txt */,
				1D63351E2582122F003BFE5A /* input-10.txt */,
				1DD02074258374730004D259 /* input-11.txt */,
				1DC927FB2584C8220088613A /* input-12.txt */,
				1DEF34C02586236900450F31 /* input-13.txt */,
				1DDE5EEC25875412002CEEA6 /* input-14.txt */,
			);
			path = Inputs;
			sourceTree = "<group>";
		};
		1DCD3C56257E4F0400FBA5CA /* Days */ = {
			isa = PBXGroup;
			children = (
				1D2FB4A3257F6FC90014A0E1 /* Classes */,
				1D6B5D6E257653F100544B3C /* Day1.swift */,
				1D0D71FE2577634F00BF4D2E /* Day2.swift */,
				1D7BBE452578BE2A00E5C58C /* Day3.swift */,
				1DD185A6257A1AB900DE3EFB /* Day4.swift */,
				1DAD89B8257B79CE00664F29 /* Day5.swift */,
				1D8CFA2B257CDD0600157FB9 /* Day6.swift */,
				1DA153CD257E16FD007B7435 /* Day7.swift */,
				1DCD3C53257E4EFF00FBA5CA /* Day8.swift */,
				1D2FB4A6257F70DF0014A0E1 /* Day9.swift */,
				1D63351B25821228003BFE5A /* Day10.swift */,
				1DD020772583747E0004D259 /* Day11.swift */,
				1DC927F82584C6DA0088613A /* Day12.swift */,
				1DEF34C32586245500450F31 /* Day13.swift */,
				1DDE5EEF2587544B002CEEA6 /* Day14.swift */,
			);
			path = Days;
			sourceTree = "<group>";
		};
/* End PBXGroup section */

/* Begin PBXNativeTarget section */
		1D6B5D5225764F0600544B3C /* AoC2020 */ = {
			isa = PBXNativeTarget;
			buildConfigurationList = 1D6B5D5A25764F0600544B3C /* Build configuration list for PBXNativeTarget "AoC2020" */;
			buildPhases = (
				1D6B5D4F25764F0600544B3C /* Sources */,
				1D6B5D5025764F0600544B3C /* Frameworks */,
				1D6B5D5125764F0600544B3C /* CopyFiles */,
			);
			buildRules = (
			);
			dependencies = (
			);
			name = AoC2020;
			productName = AoC2020;
			productReference = 1D6B5D5325764F0600544B3C /* AoC2020 */;
			productType = "com.apple.product-type.tool";
		};
/* End PBXNativeTarget section */

/* Begin PBXProject section */
		1D6B5D4B25764F0600544B3C /* Project object */ = {
			isa = PBXProject;
			attributes = {
				LastSwiftUpdateCheck = 1220;
				LastUpgradeCheck = 1220;
				TargetAttributes = {
					1D6B5D5225764F0600544B3C = {
						CreatedOnToolsVersion = 12.2;
					};
				};
			};
			buildConfigurationList = 1D6B5D4E25764F0600544B3C /* Build configuration list for PBXProject "AoC2020" */;
			compatibilityVersion = "Xcode 9.3";
			developmentRegion = en;
			hasScannedForEncodings = 0;
			knownRegions = (
				en,
				Base,
			);
			mainGroup = 1D6B5D4A25764F0600544B3C;
			productRefGroup = 1D6B5D5425764F0600544B3C /* Products */;
			projectDirPath = "";
			projectRoot = "";
			targets = (
				1D6B5D5225764F0600544B3C /* AoC2020 */,
			);
		};
/* End PBXProject section */

/* Begin PBXSourcesBuildPhase section */
		1D6B5D4F25764F0600544B3C /* Sources */ = {
			isa = PBXSourcesBuildPhase;
			buildActionMask = 2147483647;
			files = (
				1D6B5D6C2576534E00544B3C /* Day.swift in Sources */,
				1D213E7E25765D6E0012B9F3 /* UISliderExtensions.swift in Sources */,
				1D213E6E25765D6E0012B9F3 /* UIBezierPathExtensions.swift in Sources */,
				1DC927F92584C6DA0088613A /* Day12.swift in Sources */,
				1D213E9125765D6E0012B9F3 /* SKProductExtensions.swift in Sources */,
				1D213E4725765D6E0012B9F3 /* URLRequestExtensions.swift in Sources */,
				1D213E5825765D6E0012B9F3 /* SequenceExtensions.swift in Sources */,
				1D213E3425765D6E0012B9F3 /* ColorExtensions.swift in Sources */,
				1D213E5F25765D6E0012B9F3 /* DoubleExtensions.swift in Sources */,
				1D213E5725765D6E0012B9F3 /* KeyedDecodingContainerExtensions.swift in Sources */,
				1D213E4525765D6E0012B9F3 /* UserDefaultsExtensions.swift in Sources */,
				1D213E2F25765D6E0012B9F3 /* CLLocationArrayExtensions.swift in Sources */,
				1D213E5625765D6E0012B9F3 /* FloatExtensions.swift in Sources */,
				1D213E6B25765D6E0012B9F3 /* CGAffineTransformExtensions.swift in Sources */,
				1D213E7525765D6E0012B9F3 /* UIStackViewExtensions.swift in Sources */,
				1D213E8D25765D6E0012B9F3 /* UIDatePickerExtensions.swift in Sources */,
				1DD185A7257A1AB900DE3EFB /* Day4.swift in Sources */,
				1D213E7125765D6E0012B9F3 /* UIScrollViewExtensions.swift in Sources */,
				1D213E8925765D6E0012B9F3 /* UIImageViewExtensions.swift in Sources */,
				1D213E3325765D6E0012B9F3 /* FontExtensions.swift in Sources */,
				1D213E4225765D6E0012B9F3 /* SKNodeExtensions.swift in Sources */,
				1D213E4E25765D6E0012B9F3 /* CalendarExtensions.swift in Sources */,
				1DCD3C54257E4EFF00FBA5CA /* Day8.swift in Sources */,
				1D213E6125765D6E0012B9F3 /* FloatingPointExtensions.swift in Sources */,
				1D213E8525765D6E0012B9F3 /* UILabelExtensions.swift in Sources */,
				1D213E4A25765D6E0012B9F3 /* URLExtensions.swift in Sources */,
				1D213E2C25765D6E0012B9F3 /* NSViewExtensions.swift in Sources */,
				1D213E8B25765D6E0012B9F3 /* UIAlertControllerExtensions.swift in Sources */,
				1D213E7725765D6E0012B9F3 /* UITextViewExtensions.swift in Sources */,
				1D213E4C25765D6E0012B9F3 /* DateExtensions.swift in Sources */,
				1D63351C25821228003BFE5A /* Day10.swift in Sources */,
				1D213E4825765D6E0012B9F3 /* FileManagerExtensions.swift in Sources */,
				1D213E5B25765D6E0012B9F3 /* DictionaryExtensions.swift in Sources */,
				1D213E3825765D6E0012B9F3 /* SCNGeometryExtensions.swift in Sources */,
				1D213E3F25765D6E0012B9F3 /* HKActivitySummaryExtensions.swift in Sources */,
				1D213E3C25765D6E0012B9F3 /* SCNPlaneExtensions.swift in Sources */,
				1D6B5D6F257653F100544B3C /* Day1.swift in Sources */,
				1D213E2B25765D6E0012B9F3 /* NSColorExtensions.swift in Sources */,
				1D213E9025765D6E0012B9F3 /* CATransform3DExtensions.swift in Sources */,
				1D213E8225765D6E0012B9F3 /* UIViewExtensions.swift in Sources */,
				1D213E5125765D6E0012B9F3 /* BidirectionalCollectionExtensions.swift in Sources */,
				1D213E7225765D6E0012B9F3 /* UITextFieldExtensions.swift in Sources */,
				1D213E3125765D6E0012B9F3 /* CLLocationExtensions.swift in Sources */,
				1D213E4325765D6E0012B9F3 /* NSPredicateExtensions.swift in Sources */,
				1D213E6625765D6E0012B9F3 /* StdlibDeprecated.swift in Sources */,
				1D213E8625765D6E0012B9F3 /* UISwitchExtensions.swift in Sources */,
				1D213E5225765D6E0012B9F3 /* ComparableExtensions.swift in Sources */,
				1D213E8F25765D6E0012B9F3 /* CAGradientLayerExtensions.swift in Sources */,
				1D213E5A25765D6E0012B9F3 /* SignedNumericExtensions.swift in Sources */,
				1DAD89B9257B79CE00664F29 /* Day5.swift in Sources */,
				1D213E4425765D6E0012B9F3 /* NSRegularExpressionExtensions.swift in Sources */,
				1D213E6525765D6E0012B9F3 /* CollectionExtensions.swift in Sources */,
				1D213E8825765D6E0012B9F3 /* UIApplicationExtensions.swift in Sources */,
				1D0D71FF2577634F00BF4D2E /* Day2.swift in Sources */,
				1DD020782583747E0004D259 /* Day11.swift in Sources */,
				1D213E5E25765D6E0012B9F3 /* BoolExtensions.swift in Sources */,
				1D213E3925765D6E0012B9F3 /* SCNVector3Extensions.swift in Sources */,
				1D213E3025765D6E0012B9F3 /* CLVisitExtensions.swift in Sources */,
				1D213E2D25765D6E0012B9F3 /* NSImageExtensions.swift in Sources */,
				1D213E6225765D6E0012B9F3 /* IntExtensions.swift in Sources */,
				1D213E4B25765D6E0012B9F3 /* LocaleExtensions.swift in Sources */,
				1D213E7825765D6E0012B9F3 /* UIBarButtonItemExtensions.swift in Sources */,
				1DA153CE257E16FD007B7435 /* Day7.swift in Sources */,
				1D213E7D25765D6E0012B9F3 /* UIActivityExtensions.swift in Sources */,
				1D213E7B25765D6E0012B9F3 /* UISegmentedControlExtensions.swift in Sources */,
				1D213E7A25765D6E0012B9F3 /* UITabBarExtensions.swift in Sources */,
				1D213E4D25765D6E0012B9F3 /* NSAttributedStringExtensions.swift in Sources */,
				1D213E5925765D6E0012B9F3 /* MutableCollectionExtensions.swift in Sources */,
				1D213E6025765D6E0012B9F3 /* CharacterExtensions.swift in Sources */,
				1D213E5325765D6E0012B9F3 /* ArrayExtensions.swift in Sources */,
				1D213E4025765D6E0012B9F3 /* MKMapViewExtensions.swift in Sources */,
				1D213E8A25765D6E0012B9F3 /* UIRefreshControlExtensions.swift in Sources */,
				1D213E3D25765D6E0012B9F3 /* SCNConeExtensions.swift in Sources */,
				1D213E8C25765D6E0012B9F3 /* UIFontExtensions.swift in Sources */,
				1D213E3525765D6E0012B9F3 /* SCNShapeExtensions.swift in Sources */,
				1D8CFA2C257CDD0600157FB9 /* Day6.swift in Sources */,
				1D213E6D25765D6E0012B9F3 /* CGColorExtensions.swift in Sources */,
				1D213E7F25765D6E0012B9F3 /* UIViewControllerExtensions.swift in Sources */,
				1D213E6925765D6E0012B9F3 /* CGVectorExtensions.swift in Sources */,
				1D213E6325765D6E0012B9F3 /* RangeReplaceableCollectionExtensions.swift in Sources */,
				1D213E2E25765D6E0012B9F3 /* WKWebViewExtensions.swift in Sources */,
				1D213E4F25765D6E0012B9F3 /* DispatchQueueExtensions.swift in Sources */,
				1D213E5425765D6E0012B9F3 /* StringProtocolExtensions.swift in Sources */,
				1D213E3225765D6E0012B9F3 /* EdgeInsetsExtensions.swift in Sources */,
				1D213E5D25765D6E0012B9F3 /* DecodableExtensions.swift in Sources */,
				1D213E5C25765D6E0012B9F3 /* StringExtensions.swift in Sources */,
				1D2FB4A1257F6EF90014A0E1 /* DayComputer.swift in Sources */,
				1D213E8025765D6E0012B9F3 /* UIImageExtensions.swift in Sources */,
				1D7BBE462578BE2A00E5C58C /* Day3.swift in Sources */,
				1DDE5EF02587544B002CEEA6 /* Day14.swift in Sources */,
				1D213E6F25765D6E0012B9F3 /* UISearchBarExtensions.swift in Sources */,
				1D213E8425765D6E0012B9F3 /* UIWindowExtensions.swift in Sources */,
				1D213E4925765D6E0012B9F3 /* NotificationCenterExtensions.swift in Sources */,
				1D213E3A25765D6E0012B9F3 /* SCNCylinderExtensions.swift in Sources */,
				1D213E7025765D6E0012B9F3 /* UITableViewExtensions.swift in Sources */,
				1D213E6C25765D6E0012B9F3 /* CGPointExtensions.swift in Sources */,
				1D213E6425765D6E0012B9F3 /* OptionalExtensions.swift in Sources */,
				1D213E7925765D6E0012B9F3 /* UIStoryboardExtensions.swift in Sources */,
				1D6B5D5725764F0600544B3C /* main.swift in Sources */,
				1D213E6A25765D6E0012B9F3 /* CGSizeExtensions.swift in Sources */,
				1D213E7425765D6E0012B9F3 /* UINavigationItemExtensions.swift in Sources */,
				1D213E3B25765D6E0012B9F3 /* SCNMaterialExtensions.swift in Sources */,
				1D213E4625765D6E0012B9F3 /* DataExtensions.swift in Sources */,
				1D213E7625765D6E0012B9F3 /* UICollectionViewExtensions.swift in Sources */,
				1D213E6725765D6E0012B9F3 /* CGRectExtensions.swift in Sources */,
				1D2FB4A7257F70DF0014A0E1 /* Day9.swift in Sources */,
				1D213E7C25765D6E0012B9F3 /* UINavigationBarExtensions.swift in Sources */,
				1D213E3725765D6E0012B9F3 /* SCNBoxExtensions.swift in Sources */,
				1DEF34C42586245500450F31 /* Day13.swift in Sources */,
				1D213E8325765D6E0012B9F3 /* UIGestureRecognizerExtensions.swift in Sources */,
				1D213E6825765D6E0012B9F3 /* CGFloatExtensions.swift in Sources */,
				1D213E3625765D6E0012B9F3 /* SCNSphereExtensions.swift in Sources */,
				1D213E3E25765D6E0012B9F3 /* SCNCapsuleExtensions.swift in Sources */,
				1D213E8125765D6E0012B9F3 /* UINavigationControllerExtensions.swift in Sources */,
				1D213E5525765D6E0012B9F3 /* BinaryFloatingPointExtensions.swift in Sources */,
				1D213E4125765D6E0012B9F3 /* MKPolylineExtensions.swift in Sources */,
				1D213E8725765D6E0012B9F3 /* UIButtonExtensions.swift in Sources */,
				1D213E7325765D6E0012B9F3 /* UILayoutPriorityExtensions.swift in Sources */,
				1D213E5025765D6E0012B9F3 /* SignedIntegerExtensions.swift in Sources */,
				1D213E8E25765D6E0012B9F3 /* UIColorExtensions.swift in Sources */,
			);
			runOnlyForDeploymentPostprocessing = 0;
		};
/* End PBXSourcesBuildPhase section */

/* Begin XCBuildConfiguration section */
		1D6B5D5825764F0600544B3C /* Debug */ = {
			isa = XCBuildConfiguration;
			buildSettings = {
				ALWAYS_SEARCH_USER_PATHS = NO;
				CLANG_ANALYZER_NONNULL = YES;
				CLANG_ANALYZER_NUMBER_OBJECT_CONVERSION = YES_AGGRESSIVE;
				CLANG_CXX_LANGUAGE_STANDARD = "gnu++14";
				CLANG_CXX_LIBRARY = "libc++";
				CLANG_ENABLE_MODULES = YES;
				CLANG_ENABLE_OBJC_ARC = YES;
				CLANG_ENABLE_OBJC_WEAK = YES;
				CLANG_WARN_BLOCK_CAPTURE_AUTORELEASING = YES;
				CLANG_WARN_BOOL_CONVERSION = YES;
				CLANG_WARN_COMMA = YES;
				CLANG_WARN_CONSTANT_CONVERSION = YES;
				CLANG_WARN_DEPRECATED_OBJC_IMPLEMENTATIONS = YES;
				CLANG_WARN_DIRECT_OBJC_ISA_USAGE = YES_ERROR;
				CLANG_WARN_DOCUMENTATION_COMMENTS = YES;
				CLANG_WARN_EMPTY_BODY = YES;
				CLANG_WARN_ENUM_CONVERSION = YES;
				CLANG_WARN_INFINITE_RECURSION = YES;
				CLANG_WARN_INT_CONVERSION = YES;
				CLANG_WARN_NON_LITERAL_NULL_CONVERSION = YES;
				CLANG_WARN_OBJC_IMPLICIT_RETAIN_SELF = YES;
				CLANG_WARN_OBJC_LITERAL_CONVERSION = YES;
				CLANG_WARN_OBJC_ROOT_CLASS = YES_ERROR;
				CLANG_WARN_QUOTED_INCLUDE_IN_FRAMEWORK_HEADER = YES;
				CLANG_WARN_RANGE_LOOP_ANALYSIS = YES;
				CLANG_WARN_STRICT_PROTOTYPES = YES;
				CLANG_WARN_SUSPICIOUS_MOVE = YES;
				CLANG_WARN_UNGUARDED_AVAILABILITY = YES_AGGRESSIVE;
				CLANG_WARN_UNREACHABLE_CODE = YES;
				CLANG_WARN__DUPLICATE_METHOD_MATCH = YES;
				COPY_PHASE_STRIP = NO;
				DEBUG_INFORMATION_FORMAT = dwarf;
				ENABLE_STRICT_OBJC_MSGSEND = YES;
				ENABLE_TESTABILITY = YES;
				GCC_C_LANGUAGE_STANDARD = gnu11;
				GCC_DYNAMIC_NO_PIC = NO;
				GCC_NO_COMMON_BLOCKS = YES;
				GCC_OPTIMIZATION_LEVEL = 0;
				GCC_PREPROCESSOR_DEFINITIONS = (
					"DEBUG=1",
					"$(inherited)",
				);
				GCC_WARN_64_TO_32_BIT_CONVERSION = YES;
				GCC_WARN_ABOUT_RETURN_TYPE = YES_ERROR;
				GCC_WARN_UNDECLARED_SELECTOR = YES;
				GCC_WARN_UNINITIALIZED_AUTOS = YES_AGGRESSIVE;
				GCC_WARN_UNUSED_FUNCTION = YES;
				GCC_WARN_UNUSED_VARIABLE = YES;
				MACOSX_DEPLOYMENT_TARGET = 11.0;
				MTL_ENABLE_DEBUG_INFO = INCLUDE_SOURCE;
				MTL_FAST_MATH = YES;
				ONLY_ACTIVE_ARCH = YES;
				SDKROOT = macosx;
				SWIFT_ACTIVE_COMPILATION_CONDITIONS = DEBUG;
				SWIFT_OPTIMIZATION_LEVEL = "-Onone";
			};
			name = Debug;
		};
		1D6B5D5925764F0600544B3C /* Release */ = {
			isa = XCBuildConfiguration;
			buildSettings = {
				ALWAYS_SEARCH_USER_PATHS = NO;
				CLANG_ANALYZER_NONNULL = YES;
				CLANG_ANALYZER_NUMBER_OBJECT_CONVERSION = YES_AGGRESSIVE;
				CLANG_CXX_LANGUAGE_STANDARD = "gnu++14";
				CLANG_CXX_LIBRARY = "libc++";
				CLANG_ENABLE_MODULES = YES;
				CLANG_ENABLE_OBJC_ARC = YES;
				CLANG_ENABLE_OBJC_WEAK = YES;
				CLANG_WARN_BLOCK_CAPTURE_AUTORELEASING = YES;
				CLANG_WARN_BOOL_CONVERSION = YES;
				CLANG_WARN_COMMA = YES;
				CLANG_WARN_CONSTANT_CONVERSION = YES;
				CLANG_WARN_DEPRECATED_OBJC_IMPLEMENTATIONS = YES;
				CLANG_WARN_DIRECT_OBJC_ISA_USAGE = YES_ERROR;
				CLANG_WARN_DOCUMENTATION_COMMENTS = YES;
				CLANG_WARN_EMPTY_BODY = YES;
				CLANG_WARN_ENUM_CONVERSION = YES;
				CLANG_WARN_INFINITE_RECURSION = YES;
				CLANG_WARN_INT_CONVERSION = YES;
				CLANG_WARN_NON_LITERAL_NULL_CONVERSION = YES;
				CLANG_WARN_OBJC_IMPLICIT_RETAIN_SELF = YES;
				CLANG_WARN_OBJC_LITERAL_CONVERSION = YES;
				CLANG_WARN_OBJC_ROOT_CLASS = YES_ERROR;
				CLANG_WARN_QUOTED_INCLUDE_IN_FRAMEWORK_HEADER = YES;
				CLANG_WARN_RANGE_LOOP_ANALYSIS = YES;
				CLANG_WARN_STRICT_PROTOTYPES = YES;
				CLANG_WARN_SUSPICIOUS_MOVE = YES;
				CLANG_WARN_UNGUARDED_AVAILABILITY = YES_AGGRESSIVE;
				CLANG_WARN_UNREACHABLE_CODE = YES;
				CLANG_WARN__DUPLICATE_METHOD_MATCH = YES;
				COPY_PHASE_STRIP = NO;
				DEBUG_INFORMATION_FORMAT = "dwarf-with-dsym";
				ENABLE_NS_ASSERTIONS = NO;
				ENABLE_STRICT_OBJC_MSGSEND = YES;
				GCC_C_LANGUAGE_STANDARD = gnu11;
				GCC_NO_COMMON_BLOCKS = YES;
				GCC_WARN_64_TO_32_BIT_CONVERSION = YES;
				GCC_WARN_ABOUT_RETURN_TYPE = YES_ERROR;
				GCC_WARN_UNDECLARED_SELECTOR = YES;
				GCC_WARN_UNINITIALIZED_AUTOS = YES_AGGRESSIVE;
				GCC_WARN_UNUSED_FUNCTION = YES;
				GCC_WARN_UNUSED_VARIABLE = YES;
				MACOSX_DEPLOYMENT_TARGET = 11.0;
				MTL_ENABLE_DEBUG_INFO = NO;
				MTL_FAST_MATH = YES;
				SDKROOT = macosx;
				SWIFT_COMPILATION_MODE = wholemodule;
				SWIFT_OPTIMIZATION_LEVEL = "-O";
			};
			name = Release;
		};
		1D6B5D5B25764F0600544B3C /* Debug */ = {
			isa = XCBuildConfiguration;
			buildSettings = {
				CODE_SIGN_STYLE = Automatic;
				DEVELOPMENT_ASSET_PATHS = "";
				DEVELOPMENT_TEAM = VDQPC346U9;
				ENABLE_HARDENED_RUNTIME = YES;
				PRODUCT_NAME = "$(TARGET_NAME)";
				SWIFT_VERSION = 5.0;
			};
			name = Debug;
		};
		1D6B5D5C25764F0600544B3C /* Release */ = {
			isa = XCBuildConfiguration;
			buildSettings = {
				CODE_SIGN_STYLE = Automatic;
				DEVELOPMENT_ASSET_PATHS = "";
				DEVELOPMENT_TEAM = VDQPC346U9;
				ENABLE_HARDENED_RUNTIME = YES;
				PRODUCT_NAME = "$(TARGET_NAME)";
				SWIFT_VERSION = 5.0;
			};
			name = Release;
		};
/* End XCBuildConfiguration section */

/* Begin XCConfigurationList section */
		1D6B5D4E25764F0600544B3C /* Build configuration list for PBXProject "AoC2020" */ = {
			isa = XCConfigurationList;
			buildConfigurations = (
				1D6B5D5825764F0600544B3C /* Debug */,
				1D6B5D5925764F0600544B3C /* Release */,
			);
			defaultConfigurationIsVisible = 0;
			defaultConfigurationName = Release;
		};
		1D6B5D5A25764F0600544B3C /* Build configuration list for PBXNativeTarget "AoC2020" */ = {
			isa = XCConfigurationList;
			buildConfigurations = (
				1D6B5D5B25764F0600544B3C /* Debug */,
				1D6B5D5C25764F0600544B3C /* Release */,
			);
			defaultConfigurationIsVisible = 0;
			defaultConfigurationName = Release;
		};
/* End XCConfigurationList section */
	};
	rootObject = 1D6B5D4B25764F0600544B3C /* Project object */;
}
