// !$*UTF8*$!
{
	archiveVersion = 1;
	classes = {
	};
	objectVersion = 50;
	objects = {

/* Begin PBXBuildFile section */
		1D0D16FB25888A54002B7910 /* Day15.swift in Sources */ = {isa = PBXBuildFile; fileRef = 1D0D16FA25888A54002B7910 /* Day15.swift */; };
		1D0D16FE25888C53002B7910 /* input-15.txt in CopyFiles */ = {isa = PBXBuildFile; fileRef = 1D0D16FD25888C4C002B7910 /* input-15.txt */; };
		1D0D71FF2577634F00BF4D2E /* Day02.swift in Sources */ = {isa = PBXBuildFile; fileRef = 1D0D71FE2577634F00BF4D2E /* Day02.swift */; };
		1D2FB4A1257F6EF90014A0E1 /* DayComputer.swift in Sources */ = {isa = PBXBuildFile; fileRef = 1D2FB4A0257F6EF90014A0E1 /* DayComputer.swift */; };
		1D2FB4A7257F70DF0014A0E1 /* Day09.swift in Sources */ = {isa = PBXBuildFile; fileRef = 1D2FB4A6257F70DF0014A0E1 /* Day09.swift */; };
		1D363D5C258766120035B69C /* input-01.txt in CopyFiles */ = {isa = PBXBuildFile; fileRef = 1D363D5B258766090035B69C /* input-01.txt */; };
		1D363D5D258766120035B69C /* input-02.txt in CopyFiles */ = {isa = PBXBuildFile; fileRef = 1D363D5A258766090035B69C /* input-02.txt */; };
		1D363D5E258766120035B69C /* input-03.txt in CopyFiles */ = {isa = PBXBuildFile; fileRef = 1D363D58258766090035B69C /* input-03.txt */; };
		1D363D5F258766120035B69C /* input-04.txt in CopyFiles */ = {isa = PBXBuildFile; fileRef = 1D363D57258766090035B69C /* input-04.txt */; };
		1D363D60258766120035B69C /* input-05.txt in CopyFiles */ = {isa = PBXBuildFile; fileRef = 1D363D55258766090035B69C /* input-05.txt */; };
		1D363D61258766120035B69C /* input-06.txt in CopyFiles */ = {isa = PBXBuildFile; fileRef = 1D363D53258766080035B69C /* input-06.txt */; };
		1D363D62258766120035B69C /* input-07.txt in CopyFiles */ = {isa = PBXBuildFile; fileRef = 1D363D54258766090035B69C /* input-07.txt */; };
		1D363D63258766120035B69C /* input-08.txt in CopyFiles */ = {isa = PBXBuildFile; fileRef = 1D363D56258766090035B69C /* input-08.txt */; };
		1D363D64258766120035B69C /* input-09.txt in CopyFiles */ = {isa = PBXBuildFile; fileRef = 1D363D59258766090035B69C /* input-09.txt */; };
		1D3C22C6258A783D00A5A9D9 /* input-16.txt in CopyFiles */ = {isa = PBXBuildFile; fileRef = 1D3C22C5258A783500A5A9D9 /* input-16.txt */; };
		1D63351C25821228003BFE5A /* Day10.swift in Sources */ = {isa = PBXBuildFile; fileRef = 1D63351B25821228003BFE5A /* Day10.swift */; };
		1D6335202582140D003BFE5A /* input-10.txt in CopyFiles */ = {isa = PBXBuildFile; fileRef = 1D63351E2582122F003BFE5A /* input-10.txt */; };
		1D6B5D5725764F0600544B3C /* main.swift in Sources */ = {isa = PBXBuildFile; fileRef = 1D6B5D5625764F0600544B3C /* main.swift */; };
		1D6B5D6C2576534E00544B3C /* Day.swift in Sources */ = {isa = PBXBuildFile; fileRef = 1D6B5D6B2576534E00544B3C /* Day.swift */; };
		1D6B5D6F257653F100544B3C /* Day01.swift in Sources */ = {isa = PBXBuildFile; fileRef = 1D6B5D6E257653F100544B3C /* Day01.swift */; };
		1D7BBE462578BE2A00E5C58C /* Day03.swift in Sources */ = {isa = PBXBuildFile; fileRef = 1D7BBE452578BE2A00E5C58C /* Day03.swift */; };
		1D8CFA2C257CDD0600157FB9 /* Day06.swift in Sources */ = {isa = PBXBuildFile; fileRef = 1D8CFA2B257CDD0600157FB9 /* Day06.swift */; };
		1DA0F993258B499F0070D53A /* Day17.swift in Sources */ = {isa = PBXBuildFile; fileRef = 1DA0F992258B499F0070D53A /* Day17.swift */; };
		1DA0F996258B49AE0070D53A /* input-17.txt in CopyFiles */ = {isa = PBXBuildFile; fileRef = 1DA0F991258B49840070D53A /* input-17.txt */; };
		1DA153CE257E16FD007B7435 /* Day07.swift in Sources */ = {isa = PBXBuildFile; fileRef = 1DA153CD257E16FD007B7435 /* Day07.swift */; };
		1DAD89B9257B79CE00664F29 /* Day05.swift in Sources */ = {isa = PBXBuildFile; fileRef = 1DAD89B8257B79CE00664F29 /* Day05.swift */; };
		1DC6F282258A72C00070719A /* Day16.swift in Sources */ = {isa = PBXBuildFile; fileRef = 1DC6F281258A72C00070719A /* Day16.swift */; };
		1DC927F92584C6DA0088613A /* Day12.swift in Sources */ = {isa = PBXBuildFile; fileRef = 1DC927F82584C6DA0088613A /* Day12.swift */; };
		1DC927FC2584C8270088613A /* input-12.txt in CopyFiles */ = {isa = PBXBuildFile; fileRef = 1DC927FB2584C8220088613A /* input-12.txt */; };
		1DCD3C54257E4EFF00FBA5CA /* Day08.swift in Sources */ = {isa = PBXBuildFile; fileRef = 1DCD3C53257E4EFF00FBA5CA /* Day08.swift */; };
		1DD02075258374760004D259 /* input-11.txt in CopyFiles */ = {isa = PBXBuildFile; fileRef = 1DD02074258374730004D259 /* input-11.txt */; };
		1DD020782583747E0004D259 /* Day11.swift in Sources */ = {isa = PBXBuildFile; fileRef = 1DD020772583747E0004D259 /* Day11.swift */; };
		1DD185A7257A1AB900DE3EFB /* Day04.swift in Sources */ = {isa = PBXBuildFile; fileRef = 1DD185A6257A1AB900DE3EFB /* Day04.swift */; };
		1DDE5EED25875417002CEEA6 /* input-14.txt in CopyFiles */ = {isa = PBXBuildFile; fileRef = 1DDE5EEC25875412002CEEA6 /* input-14.txt */; };
		1DDE5EF02587544B002CEEA6 /* Day14.swift in Sources */ = {isa = PBXBuildFile; fileRef = 1DDE5EEF2587544B002CEEA6 /* Day14.swift */; };
		1DEF34C12586236D00450F31 /* input-13.txt in CopyFiles */ = {isa = PBXBuildFile; fileRef = 1DEF34C02586236900450F31 /* input-13.txt */; };
		1DEF34C42586245500450F31 /* Day13.swift in Sources */ = {isa = PBXBuildFile; fileRef = 1DEF34C32586245500450F31 /* Day13.swift */; };
/* End PBXBuildFile section */

/* Begin PBXCopyFilesBuildPhase section */
		1D6B5D5125764F0600544B3C /* CopyFiles */ = {
			isa = PBXCopyFilesBuildPhase;
			buildActionMask = 12;
			dstPath = "";
			dstSubfolderSpec = 7;
			files = (
				1DA0F996258B49AE0070D53A /* input-17.txt in CopyFiles */,
				1D3C22C6258A783D00A5A9D9 /* input-16.txt in CopyFiles */,
				1D0D16FE25888C53002B7910 /* input-15.txt in CopyFiles */,
				1D363D5C258766120035B69C /* input-01.txt in CopyFiles */,
				1D363D5D258766120035B69C /* input-02.txt in CopyFiles */,
				1D363D5E258766120035B69C /* input-03.txt in CopyFiles */,
				1D363D5F258766120035B69C /* input-04.txt in CopyFiles */,
				1D363D60258766120035B69C /* input-05.txt in CopyFiles */,
				1D363D61258766120035B69C /* input-06.txt in CopyFiles */,
				1D363D62258766120035B69C /* input-07.txt in CopyFiles */,
				1D363D63258766120035B69C /* input-08.txt in CopyFiles */,
				1D363D64258766120035B69C /* input-09.txt in CopyFiles */,
				1DDE5EED25875417002CEEA6 /* input-14.txt in CopyFiles */,
				1DEF34C12586236D00450F31 /* input-13.txt in CopyFiles */,
				1DC927FC2584C8270088613A /* input-12.txt in CopyFiles */,
				1DD02075258374760004D259 /* input-11.txt in CopyFiles */,
				1D6335202582140D003BFE5A /* input-10.txt in CopyFiles */,
			);
			runOnlyForDeploymentPostprocessing = 0;
		};
/* End PBXCopyFilesBuildPhase section */

/* Begin PBXFileReference section */
		1D0D16FA25888A54002B7910 /* Day15.swift */ = {isa = PBXFileReference; lastKnownFileType = sourcecode.swift; path = Day15.swift; sourceTree = "<group>"; };
		1D0D16FD25888C4C002B7910 /* input-15.txt */ = {isa = PBXFileReference; fileEncoding = 4; lastKnownFileType = text; path = "input-15.txt"; sourceTree = "<group>"; };
		1D0D71FE2577634F00BF4D2E /* Day02.swift */ = {isa = PBXFileReference; lastKnownFileType = sourcecode.swift; path = Day02.swift; sourceTree = "<group>"; };
		1D2FB4A0257F6EF90014A0E1 /* DayComputer.swift */ = {isa = PBXFileReference; lastKnownFileType = sourcecode.swift; path = DayComputer.swift; sourceTree = "<group>"; };
		1D2FB4A6257F70DF0014A0E1 /* Day09.swift */ = {isa = PBXFileReference; lastKnownFileType = sourcecode.swift; path = Day09.swift; sourceTree = "<group>"; };
		1D363D53258766080035B69C /* input-06.txt */ = {isa = PBXFileReference; fileEncoding = 4; lastKnownFileType = text; path = "input-06.txt"; sourceTree = "<group>"; };
		1D363D54258766090035B69C /* input-07.txt */ = {isa = PBXFileReference; fileEncoding = 4; lastKnownFileType = text; path = "input-07.txt"; sourceTree = "<group>"; };
		1D363D55258766090035B69C /* input-05.txt */ = {isa = PBXFileReference; fileEncoding = 4; lastKnownFileType = text; path = "input-05.txt"; sourceTree = "<group>"; };
		1D363D56258766090035B69C /* input-08.txt */ = {isa = PBXFileReference; fileEncoding = 4; lastKnownFileType = text; path = "input-08.txt"; sourceTree = "<group>"; };
		1D363D57258766090035B69C /* input-04.txt */ = {isa = PBXFileReference; fileEncoding = 4; lastKnownFileType = text; path = "input-04.txt"; sourceTree = "<group>"; };
		1D363D58258766090035B69C /* input-03.txt */ = {isa = PBXFileReference; fileEncoding = 4; lastKnownFileType = text; path = "input-03.txt"; sourceTree = "<group>"; };
		1D363D59258766090035B69C /* input-09.txt */ = {isa = PBXFileReference; fileEncoding = 4; lastKnownFileType = text; path = "input-09.txt"; sourceTree = "<group>"; };
		1D363D5A258766090035B69C /* input-02.txt */ = {isa = PBXFileReference; fileEncoding = 4; lastKnownFileType = text; path = "input-02.txt"; sourceTree = "<group>"; };
		1D363D5B258766090035B69C /* input-01.txt */ = {isa = PBXFileReference; fileEncoding = 4; lastKnownFileType = text; path = "input-01.txt"; sourceTree = "<group>"; };
		1D3C22C5258A783500A5A9D9 /* input-16.txt */ = {isa = PBXFileReference; fileEncoding = 4; lastKnownFileType = text; path = "input-16.txt"; sourceTree = "<group>"; };
		1D63351B25821228003BFE5A /* Day10.swift */ = {isa = PBXFileReference; lastKnownFileType = sourcecode.swift; path = Day10.swift; sourceTree = "<group>"; };
		1D63351E2582122F003BFE5A /* input-10.txt */ = {isa = PBXFileReference; fileEncoding = 4; lastKnownFileType = text; path = "input-10.txt"; sourceTree = "<group>"; };
		1D6B5D5325764F0600544B3C /* AoC2020 */ = {isa = PBXFileReference; explicitFileType = "compiled.mach-o.executable"; includeInIndex = 0; path = AoC2020; sourceTree = BUILT_PRODUCTS_DIR; };
		1D6B5D5625764F0600544B3C /* main.swift */ = {isa = PBXFileReference; lastKnownFileType = sourcecode.swift; path = main.swift; sourceTree = "<group>"; };
		1D6B5D6B2576534E00544B3C /* Day.swift */ = {isa = PBXFileReference; lastKnownFileType = sourcecode.swift; path = Day.swift; sourceTree = "<group>"; };
		1D6B5D6E257653F100544B3C /* Day01.swift */ = {isa = PBXFileReference; lastKnownFileType = sourcecode.swift; path = Day01.swift; sourceTree = "<group>"; };
		1D7BBE452578BE2A00E5C58C /* Day03.swift */ = {isa = PBXFileReference; lastKnownFileType = sourcecode.swift; path = Day03.swift; sourceTree = "<group>"; };
		1D8CFA2B257CDD0600157FB9 /* Day06.swift */ = {isa = PBXFileReference; lastKnownFileType = sourcecode.swift; path = Day06.swift; sourceTree = "<group>"; };
		1DA0F991258B49840070D53A /* input-17.txt */ = {isa = PBXFileReference; fileEncoding = 4; lastKnownFileType = text; path = "input-17.txt"; sourceTree = "<group>"; };
		1DA0F992258B499F0070D53A /* Day17.swift */ = {isa = PBXFileReference; lastKnownFileType = sourcecode.swift; path = Day17.swift; sourceTree = "<group>"; };
		1DA153CD257E16FD007B7435 /* Day07.swift */ = {isa = PBXFileReference; lastKnownFileType = sourcecode.swift; path = Day07.swift; sourceTree = "<group>"; };
		1DAD89B8257B79CE00664F29 /* Day05.swift */ = {isa = PBXFileReference; lastKnownFileType = sourcecode.swift; path = Day05.swift; sourceTree = "<group>"; };
		1DC6F281258A72C00070719A /* Day16.swift */ = {isa = PBXFileReference; lastKnownFileType = sourcecode.swift; name = Day16.swift; path = AoC2020/Days/Day16.swift; sourceTree = SOURCE_ROOT; };
		1DC927F82584C6DA0088613A /* Day12.swift */ = {isa = PBXFileReference; lastKnownFileType = sourcecode.swift; path = Day12.swift; sourceTree = "<group>"; };
		1DC927FB2584C8220088613A /* input-12.txt */ = {isa = PBXFileReference; fileEncoding = 4; lastKnownFileType = text; path = "input-12.txt"; sourceTree = "<group>"; };
		1DCD3C53257E4EFF00FBA5CA /* Day08.swift */ = {isa = PBXFileReference; lastKnownFileType = sourcecode.swift; path = Day08.swift; sourceTree = "<group>"; };
		1DD02074258374730004D259 /* input-11.txt */ = {isa = PBXFileReference; fileEncoding = 4; lastKnownFileType = text; path = "input-11.txt"; sourceTree = "<group>"; };
		1DD020772583747E0004D259 /* Day11.swift */ = {isa = PBXFileReference; lastKnownFileType = sourcecode.swift; path = Day11.swift; sourceTree = "<group>"; };
		1DD185A6257A1AB900DE3EFB /* Day04.swift */ = {isa = PBXFileReference; lastKnownFileType = sourcecode.swift; path = Day04.swift; sourceTree = "<group>"; };
		1DDE5EEC25875412002CEEA6 /* input-14.txt */ = {isa = PBXFileReference; fileEncoding = 4; lastKnownFileType = text; path = "input-14.txt"; sourceTree = "<group>"; };
		1DDE5EEF2587544B002CEEA6 /* Day14.swift */ = {isa = PBXFileReference; lastKnownFileType = sourcecode.swift; path = Day14.swift; sourceTree = "<group>"; };
		1DEF34C02586236900450F31 /* input-13.txt */ = {isa = PBXFileReference; fileEncoding = 4; lastKnownFileType = text; path = "input-13.txt"; sourceTree = "<group>"; };
		1DEF34C32586245500450F31 /* Day13.swift */ = {isa = PBXFileReference; lastKnownFileType = sourcecode.swift; path = Day13.swift; sourceTree = "<group>"; };
/* End PBXFileReference section */

/* Begin PBXFrameworksBuildPhase section */
		1D6B5D5025764F0600544B3C /* Frameworks */ = {
			isa = PBXFrameworksBuildPhase;
			buildActionMask = 2147483647;
			files = (
			);
			runOnlyForDeploymentPostprocessing = 0;
		};
/* End PBXFrameworksBuildPhase section */

/* Begin PBXGroup section */
		1D2FB4A3257F6FC90014A0E1 /* Classes */ = {
			isa = PBXGroup;
			children = (
				1D6B5D6B2576534E00544B3C /* Day.swift */,
				1D2FB4A0257F6EF90014A0E1 /* DayComputer.swift */,
			);
			path = Classes;
			sourceTree = "<group>";
		};
		1D6B5D4A25764F0600544B3C = {
			isa = PBXGroup;
			children = (
				1D6B5D5525764F0600544B3C /* AoC2020 */,
				1D6B5D5425764F0600544B3C /* Products */,
			);
			sourceTree = "<group>";
		};
		1D6B5D5425764F0600544B3C /* Products */ = {
			isa = PBXGroup;
			children = (
				1D6B5D5325764F0600544B3C /* AoC2020 */,
			);
			name = Products;
			sourceTree = "<group>";
		};
		1D6B5D5525764F0600544B3C /* AoC2020 */ = {
			isa = PBXGroup;
			children = (
				1DA153C9257E16D8007B7435 /* Inputs */,
				1DCD3C56257E4F0400FBA5CA /* Days */,
				1D6B5D5625764F0600544B3C /* main.swift */,
			);
			path = AoC2020;
			sourceTree = "<group>";
		};
		1DA153C9257E16D8007B7435 /* Inputs */ = {
			isa = PBXGroup;
			children = (
				1D363D5B258766090035B69C /* input-01.txt */,
				1D363D5A258766090035B69C /* input-02.txt */,
				1D363D58258766090035B69C /* input-03.txt */,
				1D363D57258766090035B69C /* input-04.txt */,
				1D363D55258766090035B69C /* input-05.txt */,
				1D363D53258766080035B69C /* input-06.txt */,
				1D363D54258766090035B69C /* input-07.txt */,
				1D363D56258766090035B69C /* input-08.txt */,
				1D363D59258766090035B69C /* input-09.txt */,
				1D63351E2582122F003BFE5A /* input-10.txt */,
				1DD02074258374730004D259 /* input-11.txt */,
				1DC927FB2584C8220088613A /* input-12.txt */,
				1DEF34C02586236900450F31 /* input-13.txt */,
				1DDE5EEC25875412002CEEA6 /* input-14.txt */,
				1D0D16FD25888C4C002B7910 /* input-15.txt */,
				1D3C22C5258A783500A5A9D9 /* input-16.txt */,
				1DA0F991258B49840070D53A /* input-17.txt */,
			);
			path = Inputs;
			sourceTree = "<group>";
		};
		1DCD3C56257E4F0400FBA5CA /* Days */ = {
			isa = PBXGroup;
			children = (
				1D2FB4A3257F6FC90014A0E1 /* Classes */,
				1D6B5D6E257653F100544B3C /* Day01.swift */,
				1D0D71FE2577634F00BF4D2E /* Day02.swift */,
				1D7BBE452578BE2A00E5C58C /* Day03.swift */,
				1DD185A6257A1AB900DE3EFB /* Day04.swift */,
				1DAD89B8257B79CE00664F29 /* Day05.swift */,
				1D8CFA2B257CDD0600157FB9 /* Day06.swift */,
				1DA153CD257E16FD007B7435 /* Day07.swift */,
				1DCD3C53257E4EFF00FBA5CA /* Day08.swift */,
				1D2FB4A6257F70DF0014A0E1 /* Day09.swift */,
				1D63351B25821228003BFE5A /* Day10.swift */,
				1DD020772583747E0004D259 /* Day11.swift */,
				1DC927F82584C6DA0088613A /* Day12.swift */,
				1DEF34C32586245500450F31 /* Day13.swift */,
				1DDE5EEF2587544B002CEEA6 /* Day14.swift */,
				1D0D16FA25888A54002B7910 /* Day15.swift */,
				1DC6F281258A72C00070719A /* Day16.swift */,
				1DA0F992258B499F0070D53A /* Day17.swift */,
			);
			path = Days;
			sourceTree = "<group>";
		};
/* End PBXGroup section */

/* Begin PBXNativeTarget section */
		1D6B5D5225764F0600544B3C /* AoC2020 */ = {
			isa = PBXNativeTarget;
			buildConfigurationList = 1D6B5D5A25764F0600544B3C /* Build configuration list for PBXNativeTarget "AoC2020" */;
			buildPhases = (
				1D6B5D4F25764F0600544B3C /* Sources */,
				1D6B5D5025764F0600544B3C /* Frameworks */,
				1D6B5D5125764F0600544B3C /* CopyFiles */,
			);
			buildRules = (
			);
			dependencies = (
			);
			name = AoC2020;
			productName = AoC2020;
			productReference = 1D6B5D5325764F0600544B3C /* AoC2020 */;
			productType = "com.apple.product-type.tool";
		};
/* End PBXNativeTarget section */

/* Begin PBXProject section */
		1D6B5D4B25764F0600544B3C /* Project object */ = {
			isa = PBXProject;
			attributes = {
				LastSwiftUpdateCheck = 1220;
				LastUpgradeCheck = 1220;
				TargetAttributes = {
					1D6B5D5225764F0600544B3C = {
						CreatedOnToolsVersion = 12.2;
					};
				};
			};
			buildConfigurationList = 1D6B5D4E25764F0600544B3C /* Build configuration list for PBXProject "AoC2020" */;
			compatibilityVersion = "Xcode 9.3";
			developmentRegion = en;
			hasScannedForEncodings = 0;
			knownRegions = (
				en,
				Base,
			);
			mainGroup = 1D6B5D4A25764F0600544B3C;
			productRefGroup = 1D6B5D5425764F0600544B3C /* Products */;
			projectDirPath = "";
			projectRoot = "";
			targets = (
				1D6B5D5225764F0600544B3C /* AoC2020 */,
			);
		};
/* End PBXProject section */

/* Begin PBXSourcesBuildPhase section */
		1D6B5D4F25764F0600544B3C /* Sources */ = {
			isa = PBXSourcesBuildPhase;
			buildActionMask = 2147483647;
			files = (
				1D6B5D6C2576534E00544B3C /* Day.swift in Sources */,
				1DC927F92584C6DA0088613A /* Day12.swift in Sources */,
				1DD185A7257A1AB900DE3EFB /* Day04.swift in Sources */,
				1DCD3C54257E4EFF00FBA5CA /* Day08.swift in Sources */,
				1D0D16FB25888A54002B7910 /* Day15.swift in Sources */,
				1DA0F993258B499F0070D53A /* Day17.swift in Sources */,
				1D63351C25821228003BFE5A /* Day10.swift in Sources */,
				1D6B5D6F257653F100544B3C /* Day01.swift in Sources */,
				1DAD89B9257B79CE00664F29 /* Day05.swift in Sources */,
				1D0D71FF2577634F00BF4D2E /* Day02.swift in Sources */,
				1DD020782583747E0004D259 /* Day11.swift in Sources */,
				1DC6F282258A72C00070719A /* Day16.swift in Sources */,
				1DA153CE257E16FD007B7435 /* Day07.swift in Sources */,
				1D8CFA2C257CDD0600157FB9 /* Day06.swift in Sources */,
				1D2FB4A1257F6EF90014A0E1 /* DayComputer.swift in Sources */,
				1D7BBE462578BE2A00E5C58C /* Day03.swift in Sources */,
				1DDE5EF02587544B002CEEA6 /* Day14.swift in Sources */,
				1D6B5D5725764F0600544B3C /* main.swift in Sources */,
				1D2FB4A7257F70DF0014A0E1 /* Day09.swift in Sources */,
				1DEF34C42586245500450F31 /* Day13.swift in Sources */,
			);
			runOnlyForDeploymentPostprocessing = 0;
		};
/* End PBXSourcesBuildPhase section */

/* Begin XCBuildConfiguration section */
		1D6B5D5825764F0600544B3C /* Debug */ = {
			isa = XCBuildConfiguration;
			buildSettings = {
				ALWAYS_SEARCH_USER_PATHS = NO;
				CLANG_ANALYZER_NONNULL = YES;
				CLANG_ANALYZER_NUMBER_OBJECT_CONVERSION = YES_AGGRESSIVE;
				CLANG_CXX_LANGUAGE_STANDARD = "gnu++14";
				CLANG_CXX_LIBRARY = "libc++";
				CLANG_ENABLE_MODULES = YES;
				CLANG_ENABLE_OBJC_ARC = YES;
				CLANG_ENABLE_OBJC_WEAK = YES;
				CLANG_WARN_BLOCK_CAPTURE_AUTORELEASING = YES;
				CLANG_WARN_BOOL_CONVERSION = YES;
				CLANG_WARN_COMMA = YES;
				CLANG_WARN_CONSTANT_CONVERSION = YES;
				CLANG_WARN_DEPRECATED_OBJC_IMPLEMENTATIONS = YES;
				CLANG_WARN_DIRECT_OBJC_ISA_USAGE = YES_ERROR;
				CLANG_WARN_DOCUMENTATION_COMMENTS = YES;
				CLANG_WARN_EMPTY_BODY = YES;
				CLANG_WARN_ENUM_CONVERSION = YES;
				CLANG_WARN_INFINITE_RECURSION = YES;
				CLANG_WARN_INT_CONVERSION = YES;
				CLANG_WARN_NON_LITERAL_NULL_CONVERSION = YES;
				CLANG_WARN_OBJC_IMPLICIT_RETAIN_SELF = YES;
				CLANG_WARN_OBJC_LITERAL_CONVERSION = YES;
				CLANG_WARN_OBJC_ROOT_CLASS = YES_ERROR;
				CLANG_WARN_QUOTED_INCLUDE_IN_FRAMEWORK_HEADER = YES;
				CLANG_WARN_RANGE_LOOP_ANALYSIS = YES;
				CLANG_WARN_STRICT_PROTOTYPES = YES;
				CLANG_WARN_SUSPICIOUS_MOVE = YES;
				CLANG_WARN_UNGUARDED_AVAILABILITY = YES_AGGRESSIVE;
				CLANG_WARN_UNREACHABLE_CODE = YES;
				CLANG_WARN__DUPLICATE_METHOD_MATCH = YES;
				COPY_PHASE_STRIP = NO;
				DEBUG_INFORMATION_FORMAT = dwarf;
				ENABLE_STRICT_OBJC_MSGSEND = YES;
				ENABLE_TESTABILITY = YES;
				GCC_C_LANGUAGE_STANDARD = gnu11;
				GCC_DYNAMIC_NO_PIC = NO;
				GCC_NO_COMMON_BLOCKS = YES;
				GCC_OPTIMIZATION_LEVEL = 0;
				GCC_PREPROCESSOR_DEFINITIONS = (
					"DEBUG=1",
					"$(inherited)",
				);
				GCC_WARN_64_TO_32_BIT_CONVERSION = YES;
				GCC_WARN_ABOUT_RETURN_TYPE = YES_ERROR;
				GCC_WARN_UNDECLARED_SELECTOR = YES;
				GCC_WARN_UNINITIALIZED_AUTOS = YES_AGGRESSIVE;
				GCC_WARN_UNUSED_FUNCTION = YES;
				GCC_WARN_UNUSED_VARIABLE = YES;
				MACOSX_DEPLOYMENT_TARGET = 11.0;
				MTL_ENABLE_DEBUG_INFO = INCLUDE_SOURCE;
				MTL_FAST_MATH = YES;
				ONLY_ACTIVE_ARCH = YES;
				SDKROOT = macosx;
				SWIFT_ACTIVE_COMPILATION_CONDITIONS = DEBUG;
				SWIFT_OPTIMIZATION_LEVEL = "-Onone";
			};
			name = Debug;
		};
		1D6B5D5925764F0600544B3C /* Release */ = {
			isa = XCBuildConfiguration;
			buildSettings = {
				ALWAYS_SEARCH_USER_PATHS = NO;
				CLANG_ANALYZER_NONNULL = YES;
				CLANG_ANALYZER_NUMBER_OBJECT_CONVERSION = YES_AGGRESSIVE;
				CLANG_CXX_LANGUAGE_STANDARD = "gnu++14";
				CLANG_CXX_LIBRARY = "libc++";
				CLANG_ENABLE_MODULES = YES;
				CLANG_ENABLE_OBJC_ARC = YES;
				CLANG_ENABLE_OBJC_WEAK = YES;
				CLANG_WARN_BLOCK_CAPTURE_AUTORELEASING = YES;
				CLANG_WARN_BOOL_CONVERSION = YES;
				CLANG_WARN_COMMA = YES;
				CLANG_WARN_CONSTANT_CONVERSION = YES;
				CLANG_WARN_DEPRECATED_OBJC_IMPLEMENTATIONS = YES;
				CLANG_WARN_DIRECT_OBJC_ISA_USAGE = YES_ERROR;
				CLANG_WARN_DOCUMENTATION_COMMENTS = YES;
				CLANG_WARN_EMPTY_BODY = YES;
				CLANG_WARN_ENUM_CONVERSION = YES;
				CLANG_WARN_INFINITE_RECURSION = YES;
				CLANG_WARN_INT_CONVERSION = YES;
				CLANG_WARN_NON_LITERAL_NULL_CONVERSION = YES;
				CLANG_WARN_OBJC_IMPLICIT_RETAIN_SELF = YES;
				CLANG_WARN_OBJC_LITERAL_CONVERSION = YES;
				CLANG_WARN_OBJC_ROOT_CLASS = YES_ERROR;
				CLANG_WARN_QUOTED_INCLUDE_IN_FRAMEWORK_HEADER = YES;
				CLANG_WARN_RANGE_LOOP_ANALYSIS = YES;
				CLANG_WARN_STRICT_PROTOTYPES = YES;
				CLANG_WARN_SUSPICIOUS_MOVE = YES;
				CLANG_WARN_UNGUARDED_AVAILABILITY = YES_AGGRESSIVE;
				CLANG_WARN_UNREACHABLE_CODE = YES;
				CLANG_WARN__DUPLICATE_METHOD_MATCH = YES;
				COPY_PHASE_STRIP = NO;
				DEBUG_INFORMATION_FORMAT = "dwarf-with-dsym";
				ENABLE_NS_ASSERTIONS = NO;
				ENABLE_STRICT_OBJC_MSGSEND = YES;
				GCC_C_LANGUAGE_STANDARD = gnu11;
				GCC_NO_COMMON_BLOCKS = YES;
				GCC_WARN_64_TO_32_BIT_CONVERSION = YES;
				GCC_WARN_ABOUT_RETURN_TYPE = YES_ERROR;
				GCC_WARN_UNDECLARED_SELECTOR = YES;
				GCC_WARN_UNINITIALIZED_AUTOS = YES_AGGRESSIVE;
				GCC_WARN_UNUSED_FUNCTION = YES;
				GCC_WARN_UNUSED_VARIABLE = YES;
				MACOSX_DEPLOYMENT_TARGET = 11.0;
				MTL_ENABLE_DEBUG_INFO = NO;
				MTL_FAST_MATH = YES;
				SDKROOT = macosx;
				SWIFT_COMPILATION_MODE = wholemodule;
				SWIFT_OPTIMIZATION_LEVEL = "-O";
			};
			name = Release;
		};
		1D6B5D5B25764F0600544B3C /* Debug */ = {
			isa = XCBuildConfiguration;
			buildSettings = {
				CODE_SIGN_STYLE = Automatic;
				DEVELOPMENT_ASSET_PATHS = "";
				DEVELOPMENT_TEAM = VDQPC346U9;
				ENABLE_HARDENED_RUNTIME = YES;
				PRODUCT_NAME = "$(TARGET_NAME)";
				SWIFT_VERSION = 5.0;
			};
			name = Debug;
		};
		1D6B5D5C25764F0600544B3C /* Release */ = {
			isa = XCBuildConfiguration;
			buildSettings = {
				CODE_SIGN_STYLE = Automatic;
				DEVELOPMENT_ASSET_PATHS = "";
				DEVELOPMENT_TEAM = VDQPC346U9;
				ENABLE_HARDENED_RUNTIME = YES;
				PRODUCT_NAME = "$(TARGET_NAME)";
				SWIFT_VERSION = 5.0;
			};
			name = Release;
		};
/* End XCBuildConfiguration section */

/* Begin XCConfigurationList section */
		1D6B5D4E25764F0600544B3C /* Build configuration list for PBXProject "AoC2020" */ = {
			isa = XCConfigurationList;
			buildConfigurations = (
				1D6B5D5825764F0600544B3C /* Debug */,
				1D6B5D5925764F0600544B3C /* Release */,
			);
			defaultConfigurationIsVisible = 0;
			defaultConfigurationName = Release;
		};
		1D6B5D5A25764F0600544B3C /* Build configuration list for PBXNativeTarget "AoC2020" */ = {
			isa = XCConfigurationList;
			buildConfigurations = (
				1D6B5D5B25764F0600544B3C /* Debug */,
				1D6B5D5C25764F0600544B3C /* Release */,
			);
			defaultConfigurationIsVisible = 0;
			defaultConfigurationName = Release;
		};
/* End XCConfigurationList section */
	};
	rootObject = 1D6B5D4B25764F0600544B3C /* Project object */;
}
